// !$*UTF8*$!
{
	archiveVersion = 1;
	classes = {
	};
	objectVersion = 48;
	objects = {

/* Begin PBXBuildFile section */
		1D0A6C7021036CDC00BD28EC /* MPBI.swift in Sources */ = {isa = PBXBuildFile; fileRef = 1D0A6C6F21036CDC00BD28EC /* MPBI.swift */; };
		1D0A6C722103772F00BD28EC /* MPBI_NOT.swift in Sources */ = {isa = PBXBuildFile; fileRef = 1D0A6C712103772F00BD28EC /* MPBI_NOT.swift */; };
		1D0A6C7421037B1400BD28EC /* MPBI_POS.swift in Sources */ = {isa = PBXBuildFile; fileRef = 1D0A6C7321037B1400BD28EC /* MPBI_POS.swift */; };
		1D0A6C76210380FE00BD28EC /* MPBI_EQ.swift in Sources */ = {isa = PBXBuildFile; fileRef = 1D0A6C75210380FE00BD28EC /* MPBI_EQ.swift */; };
		1D0A6C782104194B00BD28EC /* MPBI_NEQ.swift in Sources */ = {isa = PBXBuildFile; fileRef = 1D0A6C772104194B00BD28EC /* MPBI_NEQ.swift */; };
		1D0A6C7B210419AD00BD28EC /* MPBI_GT.swift in Sources */ = {isa = PBXBuildFile; fileRef = 1D0A6C7A210419AD00BD28EC /* MPBI_GT.swift */; };
		1D0A6C7D21041A1200BD28EC /* MPBI_GE.swift in Sources */ = {isa = PBXBuildFile; fileRef = 1D0A6C7C21041A1200BD28EC /* MPBI_GE.swift */; };
		1D0A6C7F21041A4600BD28EC /* MPBI_LT.swift in Sources */ = {isa = PBXBuildFile; fileRef = 1D0A6C7E21041A4600BD28EC /* MPBI_LT.swift */; };
		1D0A6C8121041A7900BD28EC /* MBPI_LE.swift in Sources */ = {isa = PBXBuildFile; fileRef = 1D0A6C8021041A7900BD28EC /* MBPI_LE.swift */; };
		1D1C6ED6204C3D36004F10CD /* CALL.swift in Sources */ = {isa = PBXBuildFile; fileRef = 1D1C6ED5204C3D36004F10CD /* CALL.swift */; };
		1D1C6ED9204C5079004F10CD /* BuiltInDeclares.swift in Sources */ = {isa = PBXBuildFile; fileRef = 1D1C6ED8204C5079004F10CD /* BuiltInDeclares.swift */; };
		1D2C51DA2061FFA200C81612 /* ConstantOperandFragment.swift in Sources */ = {isa = PBXBuildFile; fileRef = 1D2C51D92061FFA200C81612 /* ConstantOperandFragment.swift */; };
		1D33F28F2050D9C000BBAF42 /* SubInvokerParser.swift in Sources */ = {isa = PBXBuildFile; fileRef = 1D33F28E2050D9C000BBAF42 /* SubInvokerParser.swift */; };
		1D33F2E520514EFB00BBAF42 /* ArrayParser.swift in Sources */ = {isa = PBXBuildFile; fileRef = 1D33F2E420514EFB00BBAF42 /* ArrayParser.swift */; };
		1D33F2E92054A12B00BBAF42 /* VariableDecrationParser.swift in Sources */ = {isa = PBXBuildFile; fileRef = 1D33F2E82054A12B00BBAF42 /* VariableDecrationParser.swift */; };
		1D33F2ED2054F5AB00BBAF42 /* Variable.swift in Sources */ = {isa = PBXBuildFile; fileRef = 1D33F2EC2054F5AB00BBAF42 /* Variable.swift */; };
		1D34C17120455B920019FFEB /* CodeInput.swift in Sources */ = {isa = PBXBuildFile; fileRef = 1D34C17020455B910019FFEB /* CodeInput.swift */; };
		1D34C17320455F000019FFEB /* IOError.swift in Sources */ = {isa = PBXBuildFile; fileRef = 1D34C17220455F000019FFEB /* IOError.swift */; };
		1D34C175204560520019FFEB /* FileParser.swift in Sources */ = {isa = PBXBuildFile; fileRef = 1D34C174204560520019FFEB /* FileParser.swift */; };
		1D34C17720456A730019FFEB /* ELSE.swift in Sources */ = {isa = PBXBuildFile; fileRef = 1D34C17620456A730019FFEB /* ELSE.swift */; };
		1D34C17920458EB80019FFEB /* GOTO.swift in Sources */ = {isa = PBXBuildFile; fileRef = 1D34C17820458EB80019FFEB /* GOTO.swift */; };
		1D34C17B20458EC30019FFEB /* RESUME.swift in Sources */ = {isa = PBXBuildFile; fileRef = 1D34C17A20458EC30019FFEB /* RESUME.swift */; };
		1D34C17D204636010019FFEB /* Array+Utils.swift in Sources */ = {isa = PBXBuildFile; fileRef = 1D34C17C204636010019FFEB /* Array+Utils.swift */; };
		1D34C17F204697370019FFEB /* SWAP.swift in Sources */ = {isa = PBXBuildFile; fileRef = 1D34C17E204697370019FFEB /* SWAP.swift */; };
		1D34C181204710180019FFEB /* SymbolParser.swift in Sources */ = {isa = PBXBuildFile; fileRef = 1D34C180204710180019FFEB /* SymbolParser.swift */; };
		1D34C18520477ACA0019FFEB /* COLOR.swift in Sources */ = {isa = PBXBuildFile; fileRef = 1D34C18420477ACA0019FFEB /* COLOR.swift */; };
		1D34C1872047AC7D0019FFEB /* DECLARE.swift in Sources */ = {isa = PBXBuildFile; fileRef = 1D34C1862047AC7D0019FFEB /* DECLARE.swift */; };
		1D34C2312047FAD90019FFEB /* AssignmentParser.swift in Sources */ = {isa = PBXBuildFile; fileRef = 1D34C2302047FAD90019FFEB /* AssignmentParser.swift */; };
		1D3EE5AC2068847000DB2CCB /* TagFragment.swift in Sources */ = {isa = PBXBuildFile; fileRef = 1D3EE5AB2068847000DB2CCB /* TagFragment.swift */; };
		1D502A67204E6163003661ED /* BOOLEAN.swift in Sources */ = {isa = PBXBuildFile; fileRef = 1D502A66204E6163003661ED /* BOOLEAN.swift */; };
		1D518D632048D37C00CB5DD0 /* CompoundStatementsParser.swift in Sources */ = {isa = PBXBuildFile; fileRef = 1D518D622048D37C00CB5DD0 /* CompoundStatementsParser.swift */; };
		1D518D672048E28000CB5DD0 /* Tag.swift in Sources */ = {isa = PBXBuildFile; fileRef = 1D518D662048E28000CB5DD0 /* Tag.swift */; };
		1D54F16D204A2FC100A66AB8 /* TagParser.swift in Sources */ = {isa = PBXBuildFile; fileRef = 1D54F16C204A2FC000A66AB8 /* TagParser.swift */; };
		1D54F177204AF3A200A66AB8 /* MultikeywordsParser.swift in Sources */ = {isa = PBXBuildFile; fileRef = 1D54F176204AF3A200A66AB8 /* MultikeywordsParser.swift */; };
		1D54F179204AF89D00A66AB8 /* ENDFUNCTION.swift in Sources */ = {isa = PBXBuildFile; fileRef = 1D54F178204AF89D00A66AB8 /* ENDFUNCTION.swift */; };
		1D54F17B204AFE8B00A66AB8 /* SeparatorParser.swift in Sources */ = {isa = PBXBuildFile; fileRef = 1D54F17A204AFE8B00A66AB8 /* SeparatorParser.swift */; };
		1D54F17D204B913E00A66AB8 /* BaseManager.swift in Sources */ = {isa = PBXBuildFile; fileRef = 1D54F17C204B913E00A66AB8 /* BaseManager.swift */; };
		1D54F183204B96AD00A66AB8 /* TagManager.swift in Sources */ = {isa = PBXBuildFile; fileRef = 1D54F180204B96AD00A66AB8 /* TagManager.swift */; };
		1D54F184204B96AD00A66AB8 /* TypeManager.swift in Sources */ = {isa = PBXBuildFile; fileRef = 1D54F181204B96AD00A66AB8 /* TypeManager.swift */; };
		1D54F185204B96AD00A66AB8 /* VariableManager.swift in Sources */ = {isa = PBXBuildFile; fileRef = 1D54F182204B96AD00A66AB8 /* VariableManager.swift */; };
		1D54F187204B991200A66AB8 /* ENDIF.swift in Sources */ = {isa = PBXBuildFile; fileRef = 1D54F186204B991200A66AB8 /* ENDIF.swift */; };
		1D54F189204B996200A66AB8 /* ENDTYPE.swift in Sources */ = {isa = PBXBuildFile; fileRef = 1D54F188204B996200A66AB8 /* ENDTYPE.swift */; };
		1D54F18B204B99D200A66AB8 /* ENDSUB.swift in Sources */ = {isa = PBXBuildFile; fileRef = 1D54F18A204B99D200A66AB8 /* ENDSUB.swift */; };
		1D54F18D204BA5F300A66AB8 /* TYPEFIELD.swift in Sources */ = {isa = PBXBuildFile; fileRef = 1D54F18C204BA5F300A66AB8 /* TYPEFIELD.swift */; };
		1D54F18F204BCBB300A66AB8 /* Declare.swift in Sources */ = {isa = PBXBuildFile; fileRef = 1D54F18E204BCBB300A66AB8 /* Declare.swift */; };
		1D54F191204C2E1F00A66AB8 /* DeclareManager.swift in Sources */ = {isa = PBXBuildFile; fileRef = 1D54F190204C2E1F00A66AB8 /* DeclareManager.swift */; };
		1D5D30E7207109AC0013AE6A /* PBI_FUNC.swift in Sources */ = {isa = PBXBuildFile; fileRef = 1D5D30E6207109AC0013AE6A /* PBI_FUNC.swift */; };
		1D5D30E9207111440013AE6A /* PBI_STRUCT.swift in Sources */ = {isa = PBXBuildFile; fileRef = 1D5D30E8207111440013AE6A /* PBI_STRUCT.swift */; };
		1D5D30ED2071A76B0013AE6A /* FileFragment+PBI.swift in Sources */ = {isa = PBXBuildFile; fileRef = 1D5D30EC2071A76B0013AE6A /* FileFragment+PBI.swift */; };
		1D5D30F02071A7E50013AE6A /* ExpressionFragment+PBI.swift in Sources */ = {isa = PBXBuildFile; fileRef = 1D5D30EF2071A7E50013AE6A /* ExpressionFragment+PBI.swift */; };
		1D5D30F32071AD730013AE6A /* PBI_ADD.swift in Sources */ = {isa = PBXBuildFile; fileRef = 1D5D30F22071AD730013AE6A /* PBI_ADD.swift */; };
		1D6548882039D3F3000455DD /* Invokes.swift in Sources */ = {isa = PBXBuildFile; fileRef = 1D6548872039D3F2000455DD /* Invokes.swift */; };
		1D65488C203B1353000455DD /* Dellocs.swift in Sources */ = {isa = PBXBuildFile; fileRef = 1D65488B203B1353000455DD /* Dellocs.swift */; };
		1D65488E203BC282000455DD /* Output.swift in Sources */ = {isa = PBXBuildFile; fileRef = 1D65488D203BC282000455DD /* Output.swift */; };
		1D654893203C5974000455DD /* math.bas in Sources */ = {isa = PBXBuildFile; fileRef = 1D654892203C5974000455DD /* math.bas */; };
		1D654895203C63ED000455DD /* FUNCTION.swift in Sources */ = {isa = PBXBuildFile; fileRef = 1D654894203C63ED000455DD /* FUNCTION.swift */; };
		1D654897203D1E6A000455DD /* DIM.swift in Sources */ = {isa = PBXBuildFile; fileRef = 1D654896203D1E6A000455DD /* DIM.swift */; };
		1D65489A203D5168000455DD /* Type.swift in Sources */ = {isa = PBXBuildFile; fileRef = 1D654899203D5168000455DD /* Type.swift */; };
		1D65489C203D5191000455DD /* INTEGER.swift in Sources */ = {isa = PBXBuildFile; fileRef = 1D65489B203D5191000455DD /* INTEGER.swift */; };
		1D65489E203D51E2000455DD /* SHORT.swift in Sources */ = {isa = PBXBuildFile; fileRef = 1D65489D203D51E2000455DD /* SHORT.swift */; };
		1D6548A0203D523A000455DD /* LONG.swift in Sources */ = {isa = PBXBuildFile; fileRef = 1D65489F203D523A000455DD /* LONG.swift */; };
		1D6548A2203D524B000455DD /* SINGLE.swift in Sources */ = {isa = PBXBuildFile; fileRef = 1D6548A1203D524B000455DD /* SINGLE.swift */; };
		1D6548A4203D5261000455DD /* DOUBLE.swift in Sources */ = {isa = PBXBuildFile; fileRef = 1D6548A3203D5261000455DD /* DOUBLE.swift */; };
		1D6548A6203D5276000455DD /* STRING.swift in Sources */ = {isa = PBXBuildFile; fileRef = 1D6548A5203D5276000455DD /* STRING.swift */; };
		1D6548AC203D79DD000455DD /* DecimalParser.swift in Sources */ = {isa = PBXBuildFile; fileRef = 1D6548AB203D79DD000455DD /* DecimalParser.swift */; };
		1D6548AE203DBB42000455DD /* StringParser.swift in Sources */ = {isa = PBXBuildFile; fileRef = 1D6548AD203DBB42000455DD /* StringParser.swift */; };
		1D6548B6203E634A000455DD /* PatternedNameParser.swift in Sources */ = {isa = PBXBuildFile; fileRef = 1D6548B5203E634A000455DD /* PatternedNameParser.swift */; };
		1D6548B8203E7A8A000455DD /* Procedure.swift in Sources */ = {isa = PBXBuildFile; fileRef = 1D6548B7203E7A8A000455DD /* Procedure.swift */; };
		1D65D7FC205E360500004FF8 /* VariableOperandFragment.swift in Sources */ = {isa = PBXBuildFile; fileRef = 1D65D7FB205E360500004FF8 /* VariableOperandFragment.swift */; };
		1D65D7FE205F305800004FF8 /* BaseFragment.swift in Sources */ = {isa = PBXBuildFile; fileRef = 1D65D7FD205F305800004FF8 /* BaseFragment.swift */; };
		1D73C360207458F500A693E7 /* PBIConverter.swift in Sources */ = {isa = PBXBuildFile; fileRef = 1D73C35F207458F500A693E7 /* PBIConverter.swift */; };
		1D73C36320776D7200A693E7 /* PBI_SUB.swift in Sources */ = {isa = PBXBuildFile; fileRef = 1D73C36220776D7200A693E7 /* PBI_SUB.swift */; };
		1D73C36520776DF600A693E7 /* PBI_MUL.swift in Sources */ = {isa = PBXBuildFile; fileRef = 1D73C36420776DF600A693E7 /* PBI_MUL.swift */; };
		1D73C36720776E3900A693E7 /* PBI_DIV.swift in Sources */ = {isa = PBXBuildFile; fileRef = 1D73C36620776E3900A693E7 /* PBI_DIV.swift */; };
		1D73C36920776F5100A693E7 /* PBI_DIB.swift in Sources */ = {isa = PBXBuildFile; fileRef = 1D73C36820776F5100A693E7 /* PBI_DIB.swift */; };
		1D73C36B20776F5F00A693E7 /* PBI_MOD.swift in Sources */ = {isa = PBXBuildFile; fileRef = 1D73C36A20776F5F00A693E7 /* PBI_MOD.swift */; };
		1D73C36D2077716100A693E7 /* PBI_POW.swift in Sources */ = {isa = PBXBuildFile; fileRef = 1D73C36C2077716100A693E7 /* PBI_POW.swift */; };
		1D73C36F2077745700A693E7 /* PBI_OR.swift in Sources */ = {isa = PBXBuildFile; fileRef = 1D73C36E2077745700A693E7 /* PBI_OR.swift */; };
		1D73C3712077747500A693E7 /* PBI_AND.swift in Sources */ = {isa = PBXBuildFile; fileRef = 1D73C3702077747500A693E7 /* PBI_AND.swift */; };
		1D73C3732077748300A693E7 /* PBI_XOR.swift in Sources */ = {isa = PBXBuildFile; fileRef = 1D73C3722077748300A693E7 /* PBI_XOR.swift */; };
		1D73C3752077748B00A693E7 /* PBI_EQV.swift in Sources */ = {isa = PBXBuildFile; fileRef = 1D73C3742077748B00A693E7 /* PBI_EQV.swift */; };
		1D73C3772078301800A693E7 /* PBI_NEG.swift in Sources */ = {isa = PBXBuildFile; fileRef = 1D73C3762078301800A693E7 /* PBI_NEG.swift */; };
		1D73C3792078509800A693E7 /* PBI_LOADX.swift in Sources */ = {isa = PBXBuildFile; fileRef = 1D73C3782078509800A693E7 /* PBI_LOADX.swift */; };
		1D73C37D20799EB000A693E7 /* OperandFragment+PBI.swift in Sources */ = {isa = PBXBuildFile; fileRef = 1D73C37C20799EB000A693E7 /* OperandFragment+PBI.swift */; };
		1D73C37F2079A1BD00A693E7 /* OperatorFragment+PBI.swift in Sources */ = {isa = PBXBuildFile; fileRef = 1D73C37E2079A1BD00A693E7 /* OperatorFragment+PBI.swift */; };
		1D8FFA33204EE98E007920AC /* EXITFOR.swift in Sources */ = {isa = PBXBuildFile; fileRef = 1D8FFA32204EE98E007920AC /* EXITFOR.swift */; };
		1D8FFA35204EE99C007920AC /* EXITDO.swift in Sources */ = {isa = PBXBuildFile; fileRef = 1D8FFA34204EE99C007920AC /* EXITDO.swift */; };
		1D8FFA37204F59BC007920AC /* FunctionOperandParser.swift in Sources */ = {isa = PBXBuildFile; fileRef = 1D8FFA36204F59BC007920AC /* FunctionOperandParser.swift */; };
		1D925A392032A8A100F3C4E5 /* ConfigurationManager.swift in Sources */ = {isa = PBXBuildFile; fileRef = 1D925A382032A8A100F3C4E5 /* ConfigurationManager.swift */; };
		1D925A44203528CF00F3C4E5 /* PBI_RETURN.swift in Sources */ = {isa = PBXBuildFile; fileRef = 1D925A43203528CF00F3C4E5 /* PBI_RETURN.swift */; };
		1D925A4820353D4B00F3C4E5 /* PBI_LOAD.swift in Sources */ = {isa = PBXBuildFile; fileRef = 1D925A4720353D4B00F3C4E5 /* PBI_LOAD.swift */; };
		1D925A4A2035462400F3C4E5 /* PBI_SAVE.swift in Sources */ = {isa = PBXBuildFile; fileRef = 1D925A492035462400F3C4E5 /* PBI_SAVE.swift */; };
		1D925A56203581E300F3C4E5 /* PBI_CONST.swift in Sources */ = {isa = PBXBuildFile; fileRef = 1D925A55203581E300F3C4E5 /* PBI_CONST.swift */; };
		1D925A5F2037008D00F3C4E5 /* BaseStatement.swift in Sources */ = {isa = PBXBuildFile; fileRef = 1D925A5E2037008D00F3C4E5 /* BaseStatement.swift */; };
		1D925A61203701A100F3C4E5 /* LET.swift in Sources */ = {isa = PBXBuildFile; fileRef = 1D925A60203701A100F3C4E5 /* LET.swift */; };
		1D925A67203731DC00F3C4E5 /* InvalidValueError.swift in Sources */ = {isa = PBXBuildFile; fileRef = 1D925A66203731DC00F3C4E5 /* InvalidValueError.swift */; };
		1D925A692037BC1A00F3C4E5 /* StatementParser.swift in Sources */ = {isa = PBXBuildFile; fileRef = 1D925A682037BC1A00F3C4E5 /* StatementParser.swift */; };
		1D925A6B2037C07A00F3C4E5 /* StatementManager.swift in Sources */ = {isa = PBXBuildFile; fileRef = 1D925A6A2037C07A00F3C4E5 /* StatementManager.swift */; };
		1D981EDF2056DE1900998846 /* Constant.swift in Sources */ = {isa = PBXBuildFile; fileRef = 1D981EDE2056DE1900998846 /* Constant.swift */; };
		1D9DC39A204470A400B9196B /* REDIM.swift in Sources */ = {isa = PBXBuildFile; fileRef = 1D9DC399204470A400B9196B /* REDIM.swift */; };
		1D9DC39C204470AE00B9196B /* TYPE.swift in Sources */ = {isa = PBXBuildFile; fileRef = 1D9DC39B204470AE00B9196B /* TYPE.swift */; };
		1D9DC39E204470B500B9196B /* SUB.swift in Sources */ = {isa = PBXBuildFile; fileRef = 1D9DC39D204470B500B9196B /* SUB.swift */; };
		1D9DC3A0204471FF00B9196B /* REM.swift in Sources */ = {isa = PBXBuildFile; fileRef = 1D9DC39F204471FF00B9196B /* REM.swift */; };
		1D9DC3A22044722B00B9196B /* EndOfLineParser.swift in Sources */ = {isa = PBXBuildFile; fileRef = 1D9DC3A12044722B00B9196B /* EndOfLineParser.swift */; };
		1D9DC3A42044DF1D00B9196B /* IF.swift in Sources */ = {isa = PBXBuildFile; fileRef = 1D9DC3A32044DF1D00B9196B /* IF.swift */; };
		1D9DC3A62044DF5700B9196B /* ELSEIF.swift in Sources */ = {isa = PBXBuildFile; fileRef = 1D9DC3A52044DF5700B9196B /* ELSEIF.swift */; };
		1D9DC3A82044DF5E00B9196B /* FOR.swift in Sources */ = {isa = PBXBuildFile; fileRef = 1D9DC3A72044DF5E00B9196B /* FOR.swift */; };
		1D9DC3AA2044DF6500B9196B /* DO.swift in Sources */ = {isa = PBXBuildFile; fileRef = 1D9DC3A92044DF6500B9196B /* DO.swift */; };
		1D9DC3AC2044DF8900B9196B /* LOOP.swift in Sources */ = {isa = PBXBuildFile; fileRef = 1D9DC3AB2044DF8900B9196B /* LOOP.swift */; };
		1D9DC3B02044DFFC00B9196B /* NEXT.swift in Sources */ = {isa = PBXBuildFile; fileRef = 1D9DC3AF2044DFFC00B9196B /* NEXT.swift */; };
		1D9DC3B22044E01600B9196B /* PRINT.swift in Sources */ = {isa = PBXBuildFile; fileRef = 1D9DC3B12044E01600B9196B /* PRINT.swift */; };
		1D9DC3B42044E01E00B9196B /* INPUT.swift in Sources */ = {isa = PBXBuildFile; fileRef = 1D9DC3B32044E01E00B9196B /* INPUT.swift */; };
		1D9DC3B62044E02500B9196B /* CLS.swift in Sources */ = {isa = PBXBuildFile; fileRef = 1D9DC3B52044E02500B9196B /* CLS.swift */; };
		1D9DC3B82044E02E00B9196B /* SCREEN.swift in Sources */ = {isa = PBXBuildFile; fileRef = 1D9DC3B72044E02E00B9196B /* SCREEN.swift */; };
		1D9DC3BA2044E28400B9196B /* NewLineParser.swift in Sources */ = {isa = PBXBuildFile; fileRef = 1D9DC3B92044E28400B9196B /* NewLineParser.swift */; };
		1D9DC3BC20450F4700B9196B /* RemarkParser.swift in Sources */ = {isa = PBXBuildFile; fileRef = 1D9DC3BB20450F4700B9196B /* RemarkParser.swift */; };
		1DA13D51202563DE007AE5E8 /* main.swift in Sources */ = {isa = PBXBuildFile; fileRef = 1DA13D50202563DE007AE5E8 /* main.swift */; };
		1DA13D5A20256414007AE5E8 /* ExpressionParser.swift in Sources */ = {isa = PBXBuildFile; fileRef = 1DA13D5920256414007AE5E8 /* ExpressionParser.swift */; };
		1DA13D5D20260706007AE5E8 /* String+Utils.swift in Sources */ = {isa = PBXBuildFile; fileRef = 1DA13D5C20260706007AE5E8 /* String+Utils.swift */; };
		1DA13D6320260EE2007AE5E8 /* SyntaxError.swift in Sources */ = {isa = PBXBuildFile; fileRef = 1DA13D6220260EE2007AE5E8 /* SyntaxError.swift */; };
		1DA13D6520260F31007AE5E8 /* Error.swift in Sources */ = {isa = PBXBuildFile; fileRef = 1DA13D6420260F31007AE5E8 /* Error.swift */; };
		1DA13D692026A22B007AE5E8 /* ConstantOperandParser.swift in Sources */ = {isa = PBXBuildFile; fileRef = 1DA13D682026A22B007AE5E8 /* ConstantOperandParser.swift */; };
		1DA13D6B2026C289007AE5E8 /* OperatorParser.swift in Sources */ = {isa = PBXBuildFile; fileRef = 1DA13D6A2026C289007AE5E8 /* OperatorParser.swift */; };
		1DA13D6D2026DD64007AE5E8 /* WhitespaceParser.swift in Sources */ = {isa = PBXBuildFile; fileRef = 1DA13D6C2026DD64007AE5E8 /* WhitespaceParser.swift */; };
		1DA13D6F2026DF56007AE5E8 /* BracketParser.swift in Sources */ = {isa = PBXBuildFile; fileRef = 1DA13D6E2026DF56007AE5E8 /* BracketParser.swift */; };
		1DA13D752026E1EB007AE5E8 /* Tree.swift in Sources */ = {isa = PBXBuildFile; fileRef = 1DA13D742026E1EB007AE5E8 /* Tree.swift */; };
		1DA13D772026E918007AE5E8 /* VariableOperandParser.swift in Sources */ = {isa = PBXBuildFile; fileRef = 1DA13D762026E918007AE5E8 /* VariableOperandParser.swift */; };
		1DA13D7F2026FF90007AE5E8 /* PBI.swift in Sources */ = {isa = PBXBuildFile; fileRef = 1DA13D7E2026FF90007AE5E8 /* PBI.swift */; };
		1DA13D872027CCA8007AE5E8 /* Stack.swift in Sources */ = {isa = PBXBuildFile; fileRef = 1DA13D862027CCA8007AE5E8 /* Stack.swift */; };
		1DAFA7B320443CA0009E9D96 /* KeywordParser.swift in Sources */ = {isa = PBXBuildFile; fileRef = 1DAFA7B220443CA0009E9D96 /* KeywordParser.swift */; };
		1DEF44FC20597DC500E8D608 /* OperandFragment.swift in Sources */ = {isa = PBXBuildFile; fileRef = 1DEF44FB20597DC500E8D608 /* OperandFragment.swift */; };
		1DEF44FF20597DDA00E8D608 /* ExpressionFragment.swift in Sources */ = {isa = PBXBuildFile; fileRef = 1DEF44FE20597DDA00E8D608 /* ExpressionFragment.swift */; };
		1DEF450320597DF700E8D608 /* OperatorFragment.swift in Sources */ = {isa = PBXBuildFile; fileRef = 1DEF450220597DF700E8D608 /* OperatorFragment.swift */; };
		1DEF45072059FC5A00E8D608 /* FunctionOperandFragment.swift in Sources */ = {isa = PBXBuildFile; fileRef = 1DEF45062059FC5A00E8D608 /* FunctionOperandFragment.swift */; };
		1DEF45092059FD4F00E8D608 /* Operators.swift in Sources */ = {isa = PBXBuildFile; fileRef = 1DEF45082059FD4F00E8D608 /* Operators.swift */; };
		1DF0A6AC2069CA3800DA628D /* MemberOperandFragment.swift in Sources */ = {isa = PBXBuildFile; fileRef = 1DF0A6AB2069CA3800DA628D /* MemberOperandFragment.swift */; };
		1DF0A6AE2069CB6C00DA628D /* MemberOperandParser.swift in Sources */ = {isa = PBXBuildFile; fileRef = 1DF0A6AD2069CB6C00DA628D /* MemberOperandParser.swift */; };
		1DF0A6B2206A8AAC00DA628D /* FileFragment.swift in Sources */ = {isa = PBXBuildFile; fileRef = 1DF0A6B1206A8AAC00DA628D /* FileFragment.swift */; };
		1DF0A6B4206A8B8700DA628D /* StatementFragment.swift in Sources */ = {isa = PBXBuildFile; fileRef = 1DF0A6B3206A8B8700DA628D /* StatementFragment.swift */; };
		1DF0A6B8206B28D300DA628D /* StringFragment.swift in Sources */ = {isa = PBXBuildFile; fileRef = 1DF0A6B7206B28D300DA628D /* StringFragment.swift */; };
		1DF0A6BA206B290100DA628D /* PatternedNameFragment.swift in Sources */ = {isa = PBXBuildFile; fileRef = 1DF0A6B9206B290100DA628D /* PatternedNameFragment.swift */; };
		1DF0A6BC206B292A00DA628D /* KeywordFrgment.swift in Sources */ = {isa = PBXBuildFile; fileRef = 1DF0A6BB206B292A00DA628D /* KeywordFrgment.swift */; };
		1DF0A6BE206B294300DA628D /* MultikeywordsFragment.swift in Sources */ = {isa = PBXBuildFile; fileRef = 1DF0A6BD206B294300DA628D /* MultikeywordsFragment.swift */; };
		1DF0A6C0206B29A100DA628D /* SymbolFragment.swift in Sources */ = {isa = PBXBuildFile; fileRef = 1DF0A6BF206B29A100DA628D /* SymbolFragment.swift */; };
		1DF0A6C2206B29BB00DA628D /* NewLineFragment.swift in Sources */ = {isa = PBXBuildFile; fileRef = 1DF0A6C1206B29BB00DA628D /* NewLineFragment.swift */; };
		1DF0A6C4206B29D600DA628D /* EndOfLineFragment.swift in Sources */ = {isa = PBXBuildFile; fileRef = 1DF0A6C3206B29D600DA628D /* EndOfLineFragment.swift */; };
		1DF0A6C6206B29FD00DA628D /* SeparatorFragment.swift in Sources */ = {isa = PBXBuildFile; fileRef = 1DF0A6C5206B29FD00DA628D /* SeparatorFragment.swift */; };
		1DF0A6C8206B2A9200DA628D /* DecimalFragment.swift in Sources */ = {isa = PBXBuildFile; fileRef = 1DF0A6C7206B2A9200DA628D /* DecimalFragment.swift */; };
		1DF0A6CA206B2B0200DA628D /* WhitespaceFragment.swift in Sources */ = {isa = PBXBuildFile; fileRef = 1DF0A6C9206B2B0200DA628D /* WhitespaceFragment.swift */; };
		1DF0A6CD206B2B6B00DA628D /* RemarkFragment.swift in Sources */ = {isa = PBXBuildFile; fileRef = 1DF0A6CC206B2B6B00DA628D /* RemarkFragment.swift */; };
		1DF0A6D6206C6EA800DA628D /* InvalidTypeError.swift in Sources */ = {isa = PBXBuildFile; fileRef = 1DF0A6D5206C6EA800DA628D /* InvalidTypeError.swift */; };
		1DF0A6D8206C6F2000DA628D /* InvalidNameError.swift in Sources */ = {isa = PBXBuildFile; fileRef = 1DF0A6D7206C6F2000DA628D /* InvalidNameError.swift */; };
/* End PBXBuildFile section */

/* Begin PBXCopyFilesBuildPhase section */
		1DA13D4B202563DE007AE5E8 /* CopyFiles */ = {
			isa = PBXCopyFilesBuildPhase;
			buildActionMask = 2147483647;
			dstPath = /usr/share/man/man1/;
			dstSubfolderSpec = 0;
			files = (
			);
			runOnlyForDeploymentPostprocessing = 1;
		};
/* End PBXCopyFilesBuildPhase section */

/* Begin PBXFileReference section */
		1D0A6C6F21036CDC00BD28EC /* MPBI.swift */ = {isa = PBXFileReference; lastKnownFileType = sourcecode.swift; path = MPBI.swift; sourceTree = "<group>"; };
		1D0A6C712103772F00BD28EC /* MPBI_NOT.swift */ = {isa = PBXFileReference; lastKnownFileType = sourcecode.swift; path = MPBI_NOT.swift; sourceTree = "<group>"; };
		1D0A6C7321037B1400BD28EC /* MPBI_POS.swift */ = {isa = PBXFileReference; lastKnownFileType = sourcecode.swift; path = MPBI_POS.swift; sourceTree = "<group>"; };
		1D0A6C75210380FE00BD28EC /* MPBI_EQ.swift */ = {isa = PBXFileReference; lastKnownFileType = sourcecode.swift; path = MPBI_EQ.swift; sourceTree = "<group>"; };
		1D0A6C772104194B00BD28EC /* MPBI_NEQ.swift */ = {isa = PBXFileReference; lastKnownFileType = sourcecode.swift; path = MPBI_NEQ.swift; sourceTree = "<group>"; };
		1D0A6C7A210419AD00BD28EC /* MPBI_GT.swift */ = {isa = PBXFileReference; lastKnownFileType = sourcecode.swift; path = MPBI_GT.swift; sourceTree = "<group>"; };
		1D0A6C7C21041A1200BD28EC /* MPBI_GE.swift */ = {isa = PBXFileReference; lastKnownFileType = sourcecode.swift; path = MPBI_GE.swift; sourceTree = "<group>"; };
		1D0A6C7E21041A4600BD28EC /* MPBI_LT.swift */ = {isa = PBXFileReference; lastKnownFileType = sourcecode.swift; path = MPBI_LT.swift; sourceTree = "<group>"; };
		1D0A6C8021041A7900BD28EC /* MBPI_LE.swift */ = {isa = PBXFileReference; lastKnownFileType = sourcecode.swift; path = MBPI_LE.swift; sourceTree = "<group>"; };
		1D1C6ED5204C3D36004F10CD /* CALL.swift */ = {isa = PBXFileReference; lastKnownFileType = sourcecode.swift; path = CALL.swift; sourceTree = "<group>"; };
		1D1C6ED8204C5079004F10CD /* BuiltInDeclares.swift */ = {isa = PBXFileReference; lastKnownFileType = sourcecode.swift; path = BuiltInDeclares.swift; sourceTree = "<group>"; };
		1D2C51D92061FFA200C81612 /* ConstantOperandFragment.swift */ = {isa = PBXFileReference; lastKnownFileType = sourcecode.swift; path = ConstantOperandFragment.swift; sourceTree = "<group>"; };
		1D33F28E2050D9C000BBAF42 /* SubInvokerParser.swift */ = {isa = PBXFileReference; lastKnownFileType = sourcecode.swift; path = SubInvokerParser.swift; sourceTree = "<group>"; };
		1D33F2E420514EFB00BBAF42 /* ArrayParser.swift */ = {isa = PBXFileReference; lastKnownFileType = sourcecode.swift; path = ArrayParser.swift; sourceTree = "<group>"; };
		1D33F2E82054A12B00BBAF42 /* VariableDecrationParser.swift */ = {isa = PBXFileReference; lastKnownFileType = sourcecode.swift; path = VariableDecrationParser.swift; sourceTree = "<group>"; };
		1D33F2EC2054F5AB00BBAF42 /* Variable.swift */ = {isa = PBXFileReference; fileEncoding = 4; lastKnownFileType = sourcecode.swift; path = Variable.swift; sourceTree = "<group>"; };
		1D34C17020455B910019FFEB /* CodeInput.swift */ = {isa = PBXFileReference; lastKnownFileType = sourcecode.swift; path = CodeInput.swift; sourceTree = "<group>"; };
		1D34C17220455F000019FFEB /* IOError.swift */ = {isa = PBXFileReference; lastKnownFileType = sourcecode.swift; path = IOError.swift; sourceTree = "<group>"; };
		1D34C174204560520019FFEB /* FileParser.swift */ = {isa = PBXFileReference; lastKnownFileType = sourcecode.swift; path = FileParser.swift; sourceTree = "<group>"; };
		1D34C17620456A730019FFEB /* ELSE.swift */ = {isa = PBXFileReference; lastKnownFileType = sourcecode.swift; path = ELSE.swift; sourceTree = "<group>"; };
		1D34C17820458EB80019FFEB /* GOTO.swift */ = {isa = PBXFileReference; lastKnownFileType = sourcecode.swift; path = GOTO.swift; sourceTree = "<group>"; };
		1D34C17A20458EC30019FFEB /* RESUME.swift */ = {isa = PBXFileReference; lastKnownFileType = sourcecode.swift; path = RESUME.swift; sourceTree = "<group>"; };
		1D34C17C204636010019FFEB /* Array+Utils.swift */ = {isa = PBXFileReference; lastKnownFileType = sourcecode.swift; path = "Array+Utils.swift"; sourceTree = "<group>"; };
		1D34C17E204697370019FFEB /* SWAP.swift */ = {isa = PBXFileReference; lastKnownFileType = sourcecode.swift; path = SWAP.swift; sourceTree = "<group>"; };
		1D34C180204710180019FFEB /* SymbolParser.swift */ = {isa = PBXFileReference; lastKnownFileType = sourcecode.swift; path = SymbolParser.swift; sourceTree = "<group>"; };
		1D34C18420477ACA0019FFEB /* COLOR.swift */ = {isa = PBXFileReference; lastKnownFileType = sourcecode.swift; path = COLOR.swift; sourceTree = "<group>"; };
		1D34C1862047AC7D0019FFEB /* DECLARE.swift */ = {isa = PBXFileReference; lastKnownFileType = sourcecode.swift; path = DECLARE.swift; sourceTree = "<group>"; };
		1D34C2302047FAD90019FFEB /* AssignmentParser.swift */ = {isa = PBXFileReference; lastKnownFileType = sourcecode.swift; path = AssignmentParser.swift; sourceTree = "<group>"; };
		1D3EE5AB2068847000DB2CCB /* TagFragment.swift */ = {isa = PBXFileReference; lastKnownFileType = sourcecode.swift; path = TagFragment.swift; sourceTree = "<group>"; };
		1D502A66204E6163003661ED /* BOOLEAN.swift */ = {isa = PBXFileReference; lastKnownFileType = sourcecode.swift; path = BOOLEAN.swift; sourceTree = "<group>"; };
		1D518D622048D37C00CB5DD0 /* CompoundStatementsParser.swift */ = {isa = PBXFileReference; lastKnownFileType = sourcecode.swift; path = CompoundStatementsParser.swift; sourceTree = "<group>"; };
		1D518D662048E28000CB5DD0 /* Tag.swift */ = {isa = PBXFileReference; lastKnownFileType = sourcecode.swift; path = Tag.swift; sourceTree = "<group>"; };
		1D54F16C204A2FC000A66AB8 /* TagParser.swift */ = {isa = PBXFileReference; lastKnownFileType = sourcecode.swift; path = TagParser.swift; sourceTree = "<group>"; };
		1D54F176204AF3A200A66AB8 /* MultikeywordsParser.swift */ = {isa = PBXFileReference; lastKnownFileType = sourcecode.swift; path = MultikeywordsParser.swift; sourceTree = "<group>"; };
		1D54F178204AF89D00A66AB8 /* ENDFUNCTION.swift */ = {isa = PBXFileReference; lastKnownFileType = sourcecode.swift; path = ENDFUNCTION.swift; sourceTree = "<group>"; };
		1D54F17A204AFE8B00A66AB8 /* SeparatorParser.swift */ = {isa = PBXFileReference; lastKnownFileType = sourcecode.swift; path = SeparatorParser.swift; sourceTree = "<group>"; };
		1D54F17C204B913E00A66AB8 /* BaseManager.swift */ = {isa = PBXFileReference; lastKnownFileType = sourcecode.swift; path = BaseManager.swift; sourceTree = "<group>"; };
		1D54F180204B96AD00A66AB8 /* TagManager.swift */ = {isa = PBXFileReference; fileEncoding = 4; lastKnownFileType = sourcecode.swift; path = TagManager.swift; sourceTree = "<group>"; };
		1D54F181204B96AD00A66AB8 /* TypeManager.swift */ = {isa = PBXFileReference; fileEncoding = 4; lastKnownFileType = sourcecode.swift; path = TypeManager.swift; sourceTree = "<group>"; };
		1D54F182204B96AD00A66AB8 /* VariableManager.swift */ = {isa = PBXFileReference; fileEncoding = 4; lastKnownFileType = sourcecode.swift; path = VariableManager.swift; sourceTree = "<group>"; };
		1D54F186204B991200A66AB8 /* ENDIF.swift */ = {isa = PBXFileReference; lastKnownFileType = sourcecode.swift; path = ENDIF.swift; sourceTree = "<group>"; };
		1D54F188204B996200A66AB8 /* ENDTYPE.swift */ = {isa = PBXFileReference; lastKnownFileType = sourcecode.swift; path = ENDTYPE.swift; sourceTree = "<group>"; };
		1D54F18A204B99D200A66AB8 /* ENDSUB.swift */ = {isa = PBXFileReference; lastKnownFileType = sourcecode.swift; path = ENDSUB.swift; sourceTree = "<group>"; };
		1D54F18C204BA5F300A66AB8 /* TYPEFIELD.swift */ = {isa = PBXFileReference; lastKnownFileType = sourcecode.swift; path = TYPEFIELD.swift; sourceTree = "<group>"; };
		1D54F18E204BCBB300A66AB8 /* Declare.swift */ = {isa = PBXFileReference; lastKnownFileType = sourcecode.swift; path = Declare.swift; sourceTree = "<group>"; };
		1D54F190204C2E1F00A66AB8 /* DeclareManager.swift */ = {isa = PBXFileReference; lastKnownFileType = sourcecode.swift; path = DeclareManager.swift; sourceTree = "<group>"; };
		1D5D30E6207109AC0013AE6A /* PBI_FUNC.swift */ = {isa = PBXFileReference; lastKnownFileType = sourcecode.swift; path = PBI_FUNC.swift; sourceTree = "<group>"; };
		1D5D30E8207111440013AE6A /* PBI_STRUCT.swift */ = {isa = PBXFileReference; lastKnownFileType = sourcecode.swift; path = PBI_STRUCT.swift; sourceTree = "<group>"; };
		1D5D30EA207112670013AE6A /* README.md */ = {isa = PBXFileReference; lastKnownFileType = net.daringfireball.markdown; path = README.md; sourceTree = "<group>"; };
		1D5D30EC2071A76B0013AE6A /* FileFragment+PBI.swift */ = {isa = PBXFileReference; lastKnownFileType = sourcecode.swift; path = "FileFragment+PBI.swift"; sourceTree = "<group>"; };
		1D5D30EF2071A7E50013AE6A /* ExpressionFragment+PBI.swift */ = {isa = PBXFileReference; lastKnownFileType = sourcecode.swift; path = "ExpressionFragment+PBI.swift"; sourceTree = "<group>"; };
		1D5D30F22071AD730013AE6A /* PBI_ADD.swift */ = {isa = PBXFileReference; lastKnownFileType = sourcecode.swift; path = PBI_ADD.swift; sourceTree = "<group>"; };
		1D6548872039D3F2000455DD /* Invokes.swift */ = {isa = PBXFileReference; lastKnownFileType = sourcecode.swift; path = Invokes.swift; sourceTree = "<group>"; };
		1D65488B203B1353000455DD /* Dellocs.swift */ = {isa = PBXFileReference; lastKnownFileType = sourcecode.swift; path = Dellocs.swift; sourceTree = "<group>"; };
		1D65488D203BC282000455DD /* Output.swift */ = {isa = PBXFileReference; lastKnownFileType = sourcecode.swift; path = Output.swift; sourceTree = "<group>"; };
		1D654892203C5974000455DD /* math.bas */ = {isa = PBXFileReference; fileEncoding = 4; lastKnownFileType = text; path = math.bas; sourceTree = "<group>"; };
		1D654894203C63ED000455DD /* FUNCTION.swift */ = {isa = PBXFileReference; lastKnownFileType = sourcecode.swift; path = FUNCTION.swift; sourceTree = "<group>"; };
		1D654896203D1E6A000455DD /* DIM.swift */ = {isa = PBXFileReference; lastKnownFileType = sourcecode.swift; path = DIM.swift; sourceTree = "<group>"; };
		1D654899203D5168000455DD /* Type.swift */ = {isa = PBXFileReference; lastKnownFileType = sourcecode.swift; path = Type.swift; sourceTree = "<group>"; };
		1D65489B203D5191000455DD /* INTEGER.swift */ = {isa = PBXFileReference; lastKnownFileType = sourcecode.swift; path = INTEGER.swift; sourceTree = "<group>"; };
		1D65489D203D51E2000455DD /* SHORT.swift */ = {isa = PBXFileReference; lastKnownFileType = sourcecode.swift; path = SHORT.swift; sourceTree = "<group>"; };
		1D65489F203D523A000455DD /* LONG.swift */ = {isa = PBXFileReference; lastKnownFileType = sourcecode.swift; path = LONG.swift; sourceTree = "<group>"; };
		1D6548A1203D524B000455DD /* SINGLE.swift */ = {isa = PBXFileReference; lastKnownFileType = sourcecode.swift; path = SINGLE.swift; sourceTree = "<group>"; };
		1D6548A3203D5261000455DD /* DOUBLE.swift */ = {isa = PBXFileReference; lastKnownFileType = sourcecode.swift; path = DOUBLE.swift; sourceTree = "<group>"; };
		1D6548A5203D5276000455DD /* STRING.swift */ = {isa = PBXFileReference; lastKnownFileType = sourcecode.swift; path = STRING.swift; sourceTree = "<group>"; };
		1D6548AB203D79DD000455DD /* DecimalParser.swift */ = {isa = PBXFileReference; lastKnownFileType = sourcecode.swift; path = DecimalParser.swift; sourceTree = "<group>"; };
		1D6548AD203DBB42000455DD /* StringParser.swift */ = {isa = PBXFileReference; lastKnownFileType = sourcecode.swift; path = StringParser.swift; sourceTree = "<group>"; };
		1D6548B5203E634A000455DD /* PatternedNameParser.swift */ = {isa = PBXFileReference; lastKnownFileType = sourcecode.swift; path = PatternedNameParser.swift; sourceTree = "<group>"; };
		1D6548B7203E7A8A000455DD /* Procedure.swift */ = {isa = PBXFileReference; lastKnownFileType = sourcecode.swift; path = Procedure.swift; sourceTree = "<group>"; };
		1D65D7FB205E360500004FF8 /* VariableOperandFragment.swift */ = {isa = PBXFileReference; lastKnownFileType = sourcecode.swift; path = VariableOperandFragment.swift; sourceTree = "<group>"; };
		1D65D7FD205F305800004FF8 /* BaseFragment.swift */ = {isa = PBXFileReference; lastKnownFileType = sourcecode.swift; path = BaseFragment.swift; sourceTree = "<group>"; };
		1D73C35F207458F500A693E7 /* PBIConverter.swift */ = {isa = PBXFileReference; lastKnownFileType = sourcecode.swift; path = PBIConverter.swift; sourceTree = "<group>"; };
		1D73C36220776D7200A693E7 /* PBI_SUB.swift */ = {isa = PBXFileReference; lastKnownFileType = sourcecode.swift; path = PBI_SUB.swift; sourceTree = "<group>"; };
		1D73C36420776DF600A693E7 /* PBI_MUL.swift */ = {isa = PBXFileReference; lastKnownFileType = sourcecode.swift; path = PBI_MUL.swift; sourceTree = "<group>"; };
		1D73C36620776E3900A693E7 /* PBI_DIV.swift */ = {isa = PBXFileReference; lastKnownFileType = sourcecode.swift; path = PBI_DIV.swift; sourceTree = "<group>"; };
		1D73C36820776F5100A693E7 /* PBI_DIB.swift */ = {isa = PBXFileReference; lastKnownFileType = sourcecode.swift; path = PBI_DIB.swift; sourceTree = "<group>"; };
		1D73C36A20776F5F00A693E7 /* PBI_MOD.swift */ = {isa = PBXFileReference; lastKnownFileType = sourcecode.swift; path = PBI_MOD.swift; sourceTree = "<group>"; };
		1D73C36C2077716100A693E7 /* PBI_POW.swift */ = {isa = PBXFileReference; lastKnownFileType = sourcecode.swift; path = PBI_POW.swift; sourceTree = "<group>"; };
		1D73C36E2077745700A693E7 /* PBI_OR.swift */ = {isa = PBXFileReference; lastKnownFileType = sourcecode.swift; path = PBI_OR.swift; sourceTree = "<group>"; };
		1D73C3702077747500A693E7 /* PBI_AND.swift */ = {isa = PBXFileReference; lastKnownFileType = sourcecode.swift; path = PBI_AND.swift; sourceTree = "<group>"; };
		1D73C3722077748300A693E7 /* PBI_XOR.swift */ = {isa = PBXFileReference; lastKnownFileType = sourcecode.swift; path = PBI_XOR.swift; sourceTree = "<group>"; };
		1D73C3742077748B00A693E7 /* PBI_EQV.swift */ = {isa = PBXFileReference; lastKnownFileType = sourcecode.swift; path = PBI_EQV.swift; sourceTree = "<group>"; };
		1D73C3762078301800A693E7 /* PBI_NEG.swift */ = {isa = PBXFileReference; lastKnownFileType = sourcecode.swift; path = PBI_NEG.swift; sourceTree = "<group>"; };
		1D73C3782078509800A693E7 /* PBI_LOADX.swift */ = {isa = PBXFileReference; lastKnownFileType = sourcecode.swift; path = PBI_LOADX.swift; sourceTree = "<group>"; };
		1D73C37C20799EB000A693E7 /* OperandFragment+PBI.swift */ = {isa = PBXFileReference; lastKnownFileType = sourcecode.swift; path = "OperandFragment+PBI.swift"; sourceTree = "<group>"; };
		1D73C37E2079A1BD00A693E7 /* OperatorFragment+PBI.swift */ = {isa = PBXFileReference; lastKnownFileType = sourcecode.swift; path = "OperatorFragment+PBI.swift"; sourceTree = "<group>"; };
		1D8FFA32204EE98E007920AC /* EXITFOR.swift */ = {isa = PBXFileReference; lastKnownFileType = sourcecode.swift; path = EXITFOR.swift; sourceTree = "<group>"; };
		1D8FFA34204EE99C007920AC /* EXITDO.swift */ = {isa = PBXFileReference; lastKnownFileType = sourcecode.swift; path = EXITDO.swift; sourceTree = "<group>"; };
		1D8FFA36204F59BC007920AC /* FunctionOperandParser.swift */ = {isa = PBXFileReference; lastKnownFileType = sourcecode.swift; path = FunctionOperandParser.swift; sourceTree = "<group>"; };
		1D925A382032A8A100F3C4E5 /* ConfigurationManager.swift */ = {isa = PBXFileReference; lastKnownFileType = sourcecode.swift; path = ConfigurationManager.swift; sourceTree = "<group>"; };
		1D925A43203528CF00F3C4E5 /* PBI_RETURN.swift */ = {isa = PBXFileReference; lastKnownFileType = sourcecode.swift; path = PBI_RETURN.swift; sourceTree = "<group>"; };
		1D925A4720353D4B00F3C4E5 /* PBI_LOAD.swift */ = {isa = PBXFileReference; lastKnownFileType = sourcecode.swift; path = PBI_LOAD.swift; sourceTree = "<group>"; };
		1D925A492035462400F3C4E5 /* PBI_SAVE.swift */ = {isa = PBXFileReference; lastKnownFileType = sourcecode.swift; path = PBI_SAVE.swift; sourceTree = "<group>"; };
		1D925A55203581E300F3C4E5 /* PBI_CONST.swift */ = {isa = PBXFileReference; lastKnownFileType = sourcecode.swift; path = PBI_CONST.swift; sourceTree = "<group>"; };
		1D925A5E2037008D00F3C4E5 /* BaseStatement.swift */ = {isa = PBXFileReference; lastKnownFileType = sourcecode.swift; path = BaseStatement.swift; sourceTree = "<group>"; };
		1D925A60203701A100F3C4E5 /* LET.swift */ = {isa = PBXFileReference; lastKnownFileType = sourcecode.swift; path = LET.swift; sourceTree = "<group>"; };
		1D925A66203731DC00F3C4E5 /* InvalidValueError.swift */ = {isa = PBXFileReference; lastKnownFileType = sourcecode.swift; path = InvalidValueError.swift; sourceTree = "<group>"; };
		1D925A682037BC1A00F3C4E5 /* StatementParser.swift */ = {isa = PBXFileReference; lastKnownFileType = sourcecode.swift; path = StatementParser.swift; sourceTree = "<group>"; };
		1D925A6A2037C07A00F3C4E5 /* StatementManager.swift */ = {isa = PBXFileReference; lastKnownFileType = sourcecode.swift; path = StatementManager.swift; sourceTree = "<group>"; };
		1D981EDE2056DE1900998846 /* Constant.swift */ = {isa = PBXFileReference; lastKnownFileType = sourcecode.swift; path = Constant.swift; sourceTree = "<group>"; };
		1D9DC399204470A400B9196B /* REDIM.swift */ = {isa = PBXFileReference; lastKnownFileType = sourcecode.swift; path = REDIM.swift; sourceTree = "<group>"; };
		1D9DC39B204470AE00B9196B /* TYPE.swift */ = {isa = PBXFileReference; lastKnownFileType = sourcecode.swift; path = TYPE.swift; sourceTree = "<group>"; };
		1D9DC39D204470B500B9196B /* SUB.swift */ = {isa = PBXFileReference; lastKnownFileType = sourcecode.swift; path = SUB.swift; sourceTree = "<group>"; };
		1D9DC39F204471FF00B9196B /* REM.swift */ = {isa = PBXFileReference; lastKnownFileType = sourcecode.swift; path = REM.swift; sourceTree = "<group>"; };
		1D9DC3A12044722B00B9196B /* EndOfLineParser.swift */ = {isa = PBXFileReference; lastKnownFileType = sourcecode.swift; path = EndOfLineParser.swift; sourceTree = "<group>"; };
		1D9DC3A32044DF1D00B9196B /* IF.swift */ = {isa = PBXFileReference; lastKnownFileType = sourcecode.swift; path = IF.swift; sourceTree = "<group>"; };
		1D9DC3A52044DF5700B9196B /* ELSEIF.swift */ = {isa = PBXFileReference; lastKnownFileType = sourcecode.swift; path = ELSEIF.swift; sourceTree = "<group>"; };
		1D9DC3A72044DF5E00B9196B /* FOR.swift */ = {isa = PBXFileReference; lastKnownFileType = sourcecode.swift; path = FOR.swift; sourceTree = "<group>"; };
		1D9DC3A92044DF6500B9196B /* DO.swift */ = {isa = PBXFileReference; lastKnownFileType = sourcecode.swift; path = DO.swift; sourceTree = "<group>"; };
		1D9DC3AB2044DF8900B9196B /* LOOP.swift */ = {isa = PBXFileReference; lastKnownFileType = sourcecode.swift; path = LOOP.swift; sourceTree = "<group>"; };
		1D9DC3AF2044DFFC00B9196B /* NEXT.swift */ = {isa = PBXFileReference; lastKnownFileType = sourcecode.swift; path = NEXT.swift; sourceTree = "<group>"; };
		1D9DC3B12044E01600B9196B /* PRINT.swift */ = {isa = PBXFileReference; lastKnownFileType = sourcecode.swift; path = PRINT.swift; sourceTree = "<group>"; };
		1D9DC3B32044E01E00B9196B /* INPUT.swift */ = {isa = PBXFileReference; lastKnownFileType = sourcecode.swift; path = INPUT.swift; sourceTree = "<group>"; };
		1D9DC3B52044E02500B9196B /* CLS.swift */ = {isa = PBXFileReference; lastKnownFileType = sourcecode.swift; path = CLS.swift; sourceTree = "<group>"; };
		1D9DC3B72044E02E00B9196B /* SCREEN.swift */ = {isa = PBXFileReference; lastKnownFileType = sourcecode.swift; path = SCREEN.swift; sourceTree = "<group>"; };
		1D9DC3B92044E28400B9196B /* NewLineParser.swift */ = {isa = PBXFileReference; lastKnownFileType = sourcecode.swift; path = NewLineParser.swift; sourceTree = "<group>"; };
		1D9DC3BB20450F4700B9196B /* RemarkParser.swift */ = {isa = PBXFileReference; lastKnownFileType = sourcecode.swift; path = RemarkParser.swift; sourceTree = "<group>"; };
		1DA13D4D202563DE007AE5E8 /* pbc */ = {isa = PBXFileReference; explicitFileType = "compiled.mach-o.executable"; includeInIndex = 0; path = pbc; sourceTree = BUILT_PRODUCTS_DIR; };
		1DA13D50202563DE007AE5E8 /* main.swift */ = {isa = PBXFileReference; lastKnownFileType = sourcecode.swift; path = main.swift; sourceTree = "<group>"; };
		1DA13D5920256414007AE5E8 /* ExpressionParser.swift */ = {isa = PBXFileReference; lastKnownFileType = sourcecode.swift; path = ExpressionParser.swift; sourceTree = "<group>"; };
		1DA13D5C20260706007AE5E8 /* String+Utils.swift */ = {isa = PBXFileReference; lastKnownFileType = sourcecode.swift; path = "String+Utils.swift"; sourceTree = "<group>"; };
		1DA13D6220260EE2007AE5E8 /* SyntaxError.swift */ = {isa = PBXFileReference; lastKnownFileType = sourcecode.swift; path = SyntaxError.swift; sourceTree = "<group>"; };
		1DA13D6420260F31007AE5E8 /* Error.swift */ = {isa = PBXFileReference; lastKnownFileType = sourcecode.swift; path = Error.swift; sourceTree = "<group>"; };
		1DA13D682026A22B007AE5E8 /* ConstantOperandParser.swift */ = {isa = PBXFileReference; lastKnownFileType = sourcecode.swift; path = ConstantOperandParser.swift; sourceTree = "<group>"; };
		1DA13D6A2026C289007AE5E8 /* OperatorParser.swift */ = {isa = PBXFileReference; lastKnownFileType = sourcecode.swift; path = OperatorParser.swift; sourceTree = "<group>"; };
		1DA13D6C2026DD64007AE5E8 /* WhitespaceParser.swift */ = {isa = PBXFileReference; lastKnownFileType = sourcecode.swift; path = WhitespaceParser.swift; sourceTree = "<group>"; };
		1DA13D6E2026DF56007AE5E8 /* BracketParser.swift */ = {isa = PBXFileReference; lastKnownFileType = sourcecode.swift; path = BracketParser.swift; sourceTree = "<group>"; };
		1DA13D742026E1EB007AE5E8 /* Tree.swift */ = {isa = PBXFileReference; lastKnownFileType = sourcecode.swift; path = Tree.swift; sourceTree = "<group>"; };
		1DA13D762026E918007AE5E8 /* VariableOperandParser.swift */ = {isa = PBXFileReference; lastKnownFileType = sourcecode.swift; path = VariableOperandParser.swift; sourceTree = "<group>"; };
		1DA13D7E2026FF90007AE5E8 /* PBI.swift */ = {isa = PBXFileReference; lastKnownFileType = sourcecode.swift; path = PBI.swift; sourceTree = "<group>"; };
		1DA13D862027CCA8007AE5E8 /* Stack.swift */ = {isa = PBXFileReference; lastKnownFileType = sourcecode.swift; path = Stack.swift; sourceTree = "<group>"; };
		1DAFA7B220443CA0009E9D96 /* KeywordParser.swift */ = {isa = PBXFileReference; lastKnownFileType = sourcecode.swift; path = KeywordParser.swift; sourceTree = "<group>"; };
		1DEF44FB20597DC500E8D608 /* OperandFragment.swift */ = {isa = PBXFileReference; lastKnownFileType = sourcecode.swift; path = OperandFragment.swift; sourceTree = "<group>"; };
		1DEF44FE20597DDA00E8D608 /* ExpressionFragment.swift */ = {isa = PBXFileReference; lastKnownFileType = sourcecode.swift; path = ExpressionFragment.swift; sourceTree = "<group>"; };
		1DEF450220597DF700E8D608 /* OperatorFragment.swift */ = {isa = PBXFileReference; lastKnownFileType = sourcecode.swift; path = OperatorFragment.swift; sourceTree = "<group>"; };
		1DEF45062059FC5A00E8D608 /* FunctionOperandFragment.swift */ = {isa = PBXFileReference; lastKnownFileType = sourcecode.swift; path = FunctionOperandFragment.swift; sourceTree = "<group>"; };
		1DEF45082059FD4F00E8D608 /* Operators.swift */ = {isa = PBXFileReference; lastKnownFileType = sourcecode.swift; path = Operators.swift; sourceTree = "<group>"; };
		1DF0A6AB2069CA3800DA628D /* MemberOperandFragment.swift */ = {isa = PBXFileReference; lastKnownFileType = sourcecode.swift; path = MemberOperandFragment.swift; sourceTree = "<group>"; };
		1DF0A6AD2069CB6C00DA628D /* MemberOperandParser.swift */ = {isa = PBXFileReference; lastKnownFileType = sourcecode.swift; path = MemberOperandParser.swift; sourceTree = "<group>"; };
		1DF0A6B1206A8AAC00DA628D /* FileFragment.swift */ = {isa = PBXFileReference; lastKnownFileType = sourcecode.swift; path = FileFragment.swift; sourceTree = "<group>"; };
		1DF0A6B3206A8B8700DA628D /* StatementFragment.swift */ = {isa = PBXFileReference; lastKnownFileType = sourcecode.swift; path = StatementFragment.swift; sourceTree = "<group>"; };
		1DF0A6B7206B28D300DA628D /* StringFragment.swift */ = {isa = PBXFileReference; lastKnownFileType = sourcecode.swift; path = StringFragment.swift; sourceTree = "<group>"; };
		1DF0A6B9206B290100DA628D /* PatternedNameFragment.swift */ = {isa = PBXFileReference; lastKnownFileType = sourcecode.swift; path = PatternedNameFragment.swift; sourceTree = "<group>"; };
		1DF0A6BB206B292A00DA628D /* KeywordFrgment.swift */ = {isa = PBXFileReference; lastKnownFileType = sourcecode.swift; path = KeywordFrgment.swift; sourceTree = "<group>"; };
		1DF0A6BD206B294300DA628D /* MultikeywordsFragment.swift */ = {isa = PBXFileReference; lastKnownFileType = sourcecode.swift; path = MultikeywordsFragment.swift; sourceTree = "<group>"; };
		1DF0A6BF206B29A100DA628D /* SymbolFragment.swift */ = {isa = PBXFileReference; lastKnownFileType = sourcecode.swift; path = SymbolFragment.swift; sourceTree = "<group>"; };
		1DF0A6C1206B29BB00DA628D /* NewLineFragment.swift */ = {isa = PBXFileReference; lastKnownFileType = sourcecode.swift; path = NewLineFragment.swift; sourceTree = "<group>"; };
		1DF0A6C3206B29D600DA628D /* EndOfLineFragment.swift */ = {isa = PBXFileReference; lastKnownFileType = sourcecode.swift; path = EndOfLineFragment.swift; sourceTree = "<group>"; };
		1DF0A6C5206B29FD00DA628D /* SeparatorFragment.swift */ = {isa = PBXFileReference; lastKnownFileType = sourcecode.swift; path = SeparatorFragment.swift; sourceTree = "<group>"; };
		1DF0A6C7206B2A9200DA628D /* DecimalFragment.swift */ = {isa = PBXFileReference; lastKnownFileType = sourcecode.swift; path = DecimalFragment.swift; sourceTree = "<group>"; };
		1DF0A6C9206B2B0200DA628D /* WhitespaceFragment.swift */ = {isa = PBXFileReference; lastKnownFileType = sourcecode.swift; path = WhitespaceFragment.swift; sourceTree = "<group>"; };
		1DF0A6CC206B2B6B00DA628D /* RemarkFragment.swift */ = {isa = PBXFileReference; lastKnownFileType = sourcecode.swift; path = RemarkFragment.swift; sourceTree = "<group>"; };
		1DF0A6D1206C6A2900DA628D /* en_us.xml */ = {isa = PBXFileReference; lastKnownFileType = text.xml; path = en_us.xml; sourceTree = "<group>"; };
		1DF0A6D2206C6A4400DA628D /* zh_cn.xml */ = {isa = PBXFileReference; lastKnownFileType = text.xml; path = zh_cn.xml; sourceTree = "<group>"; };
		1DF0A6D4206C6B4200DA628D /* zh_tw.xml */ = {isa = PBXFileReference; lastKnownFileType = text.xml; path = zh_tw.xml; sourceTree = "<group>"; };
		1DF0A6D5206C6EA800DA628D /* InvalidTypeError.swift */ = {isa = PBXFileReference; lastKnownFileType = sourcecode.swift; path = InvalidTypeError.swift; sourceTree = "<group>"; };
		1DF0A6D7206C6F2000DA628D /* InvalidNameError.swift */ = {isa = PBXFileReference; lastKnownFileType = sourcecode.swift; path = InvalidNameError.swift; sourceTree = "<group>"; };
		1DF0A6D9206DC37500DA628D /* cover.png */ = {isa = PBXFileReference; lastKnownFileType = image.png; path = cover.png; sourceTree = "<group>"; };
		1DF0A6DA206DC37700DA628D /* LICENSE */ = {isa = PBXFileReference; fileEncoding = 4; lastKnownFileType = text; path = LICENSE; sourceTree = "<group>"; };
		1DF0A6DB206DC37800DA628D /* README.md */ = {isa = PBXFileReference; fileEncoding = 4; lastKnownFileType = net.daringfireball.markdown; path = README.md; sourceTree = "<group>"; };
/* End PBXFileReference section */

/* Begin PBXFrameworksBuildPhase section */
		1DA13D4A202563DE007AE5E8 /* Frameworks */ = {
			isa = PBXFrameworksBuildPhase;
			buildActionMask = 2147483647;
			files = (
			);
			runOnlyForDeploymentPostprocessing = 0;
		};
/* End PBXFrameworksBuildPhase section */

/* Begin PBXGroup section */
		1D0A6C6E21036CC600BD28EC /* mid-instructions */ = {
			isa = PBXGroup;
			children = (
				1D0A6C6F21036CDC00BD28EC /* MPBI.swift */,
				1D0A6C712103772F00BD28EC /* MPBI_NOT.swift */,
				1D0A6C7321037B1400BD28EC /* MPBI_POS.swift */,
				1D0A6C75210380FE00BD28EC /* MPBI_EQ.swift */,
				1D0A6C772104194B00BD28EC /* MPBI_NEQ.swift */,
				1D0A6C7A210419AD00BD28EC /* MPBI_GT.swift */,
				1D0A6C7C21041A1200BD28EC /* MPBI_GE.swift */,
				1D0A6C7E21041A4600BD28EC /* MPBI_LT.swift */,
				1D0A6C8021041A7900BD28EC /* MBPI_LE.swift */,
			);
			path = "mid-instructions";
			sourceTree = "<group>";
		};
		1D1C6ED7204C5061004F10CD /* declares */ = {
			isa = PBXGroup;
			children = (
				1D1C6ED8204C5079004F10CD /* BuiltInDeclares.swift */,
			);
			path = declares;
			sourceTree = "<group>";
		};
		1D33F28D2050D98D00BBAF42 /* statement */ = {
			isa = PBXGroup;
			children = (
				1D34C2302047FAD90019FFEB /* AssignmentParser.swift */,
				1D9DC3BB20450F4700B9196B /* RemarkParser.swift */,
				1D33F28E2050D9C000BBAF42 /* SubInvokerParser.swift */,
				1D33F2E82054A12B00BBAF42 /* VariableDecrationParser.swift */,
			);
			path = statement;
			sourceTree = "<group>";
		};
		1D3EE5AA2068845600DB2CCB /* code */ = {
			isa = PBXGroup;
			children = (
				1DF0A6C5206B29FD00DA628D /* SeparatorFragment.swift */,
				1D3EE5AB2068847000DB2CCB /* TagFragment.swift */,
				1DF0A6B3206A8B8700DA628D /* StatementFragment.swift */,
			);
			path = code;
			sourceTree = "<group>";
		};
		1D5D30EB2071A3CF0013AE6A /* test */ = {
			isa = PBXGroup;
			children = (
				1D654892203C5974000455DD /* math.bas */,
			);
			path = test;
			sourceTree = "<group>";
		};
		1D5D30EE2071A7710013AE6A /* converters */ = {
			isa = PBXGroup;
			children = (
				1D73C35F207458F500A693E7 /* PBIConverter.swift */,
				1D5D30EC2071A76B0013AE6A /* FileFragment+PBI.swift */,
				1D5D30EF2071A7E50013AE6A /* ExpressionFragment+PBI.swift */,
				1D73C37C20799EB000A693E7 /* OperandFragment+PBI.swift */,
				1D73C37E2079A1BD00A693E7 /* OperatorFragment+PBI.swift */,
			);
			path = converters;
			sourceTree = "<group>";
		};
		1D654898203D515D000455DD /* types */ = {
			isa = PBXGroup;
			children = (
				1D65489D203D51E2000455DD /* SHORT.swift */,
				1D65489B203D5191000455DD /* INTEGER.swift */,
				1D65489F203D523A000455DD /* LONG.swift */,
				1D6548A1203D524B000455DD /* SINGLE.swift */,
				1D6548A3203D5261000455DD /* DOUBLE.swift */,
				1D6548A5203D5276000455DD /* STRING.swift */,
				1D502A66204E6163003661ED /* BOOLEAN.swift */,
			);
			path = types;
			sourceTree = "<group>";
		};
		1D73C35E207456D100A693E7 /* instructions */ = {
			isa = PBXGroup;
			children = (
				1DA13D7E2026FF90007AE5E8 /* PBI.swift */,
				1D5D30E6207109AC0013AE6A /* PBI_FUNC.swift */,
				1D5D30E8207111440013AE6A /* PBI_STRUCT.swift */,
				1D925A55203581E300F3C4E5 /* PBI_CONST.swift */,
				1D925A4720353D4B00F3C4E5 /* PBI_LOAD.swift */,
				1D73C3782078509800A693E7 /* PBI_LOADX.swift */,
				1D5D30F22071AD730013AE6A /* PBI_ADD.swift */,
				1D73C36220776D7200A693E7 /* PBI_SUB.swift */,
				1D73C36420776DF600A693E7 /* PBI_MUL.swift */,
				1D73C36620776E3900A693E7 /* PBI_DIV.swift */,
				1D73C36820776F5100A693E7 /* PBI_DIB.swift */,
				1D73C36A20776F5F00A693E7 /* PBI_MOD.swift */,
				1D73C36C2077716100A693E7 /* PBI_POW.swift */,
				1D73C36E2077745700A693E7 /* PBI_OR.swift */,
				1D73C3702077747500A693E7 /* PBI_AND.swift */,
				1D73C3722077748300A693E7 /* PBI_XOR.swift */,
				1D73C3742077748B00A693E7 /* PBI_EQV.swift */,
				1D73C3762078301800A693E7 /* PBI_NEG.swift */,
			);
			path = instructions;
			sourceTree = "<group>";
		};
		1D925A3C2032D82800F3C4E5 /* code */ = {
			isa = PBXGroup;
			children = (
				1D54F17A204AFE8B00A66AB8 /* SeparatorParser.swift */,
				1D34C174204560520019FFEB /* FileParser.swift */,
				1D925A682037BC1A00F3C4E5 /* StatementParser.swift */,
				1D518D622048D37C00CB5DD0 /* CompoundStatementsParser.swift */,
				1D54F16C204A2FC000A66AB8 /* TagParser.swift */,
			);
			path = code;
			sourceTree = "<group>";
		};
		1D925A5D2037006700F3C4E5 /* statements */ = {
			isa = PBXGroup;
			children = (
				1D925A5E2037008D00F3C4E5 /* BaseStatement.swift */,
				1D34C1862047AC7D0019FFEB /* DECLARE.swift */,
				1D1C6ED5204C3D36004F10CD /* CALL.swift */,
				1D925A60203701A100F3C4E5 /* LET.swift */,
				1D654894203C63ED000455DD /* FUNCTION.swift */,
				1D54F178204AF89D00A66AB8 /* ENDFUNCTION.swift */,
				1D9DC39D204470B500B9196B /* SUB.swift */,
				1D54F18A204B99D200A66AB8 /* ENDSUB.swift */,
				1D9DC39B204470AE00B9196B /* TYPE.swift */,
				1D54F18C204BA5F300A66AB8 /* TYPEFIELD.swift */,
				1D54F188204B996200A66AB8 /* ENDTYPE.swift */,
				1D654896203D1E6A000455DD /* DIM.swift */,
				1D9DC399204470A400B9196B /* REDIM.swift */,
				1D9DC39F204471FF00B9196B /* REM.swift */,
				1D34C17E204697370019FFEB /* SWAP.swift */,
				1D9DC3A32044DF1D00B9196B /* IF.swift */,
				1D34C17620456A730019FFEB /* ELSE.swift */,
				1D9DC3A52044DF5700B9196B /* ELSEIF.swift */,
				1D54F186204B991200A66AB8 /* ENDIF.swift */,
				1D9DC3A72044DF5E00B9196B /* FOR.swift */,
				1D9DC3AF2044DFFC00B9196B /* NEXT.swift */,
				1D9DC3A92044DF6500B9196B /* DO.swift */,
				1D9DC3AB2044DF8900B9196B /* LOOP.swift */,
				1D9DC3B12044E01600B9196B /* PRINT.swift */,
				1D9DC3B32044E01E00B9196B /* INPUT.swift */,
				1D9DC3B52044E02500B9196B /* CLS.swift */,
				1D9DC3B72044E02E00B9196B /* SCREEN.swift */,
				1D34C18420477ACA0019FFEB /* COLOR.swift */,
				1D34C17820458EB80019FFEB /* GOTO.swift */,
				1D34C17A20458EC30019FFEB /* RESUME.swift */,
				1D8FFA32204EE98E007920AC /* EXITFOR.swift */,
				1D8FFA34204EE99C007920AC /* EXITDO.swift */,
			);
			path = statements;
			sourceTree = "<group>";
		};
		1DA13D44202563DE007AE5E8 = {
			isa = PBXGroup;
			children = (
				1DF0A6D9206DC37500DA628D /* cover.png */,
				1DF0A6DA206DC37700DA628D /* LICENSE */,
				1DF0A6DB206DC37800DA628D /* README.md */,
				1DA13D4F202563DE007AE5E8 /* pbc */,
				1DA13D4E202563DE007AE5E8 /* Products */,
			);
			sourceTree = "<group>";
		};
		1DA13D4E202563DE007AE5E8 /* Products */ = {
			isa = PBXGroup;
			children = (
				1DA13D4D202563DE007AE5E8 /* pbc */,
			);
			name = Products;
			sourceTree = "<group>";
		};
		1DA13D4F202563DE007AE5E8 /* pbc */ = {
			isa = PBXGroup;
			children = (
				1D5D30EB2071A3CF0013AE6A /* test */,
				1DF0A6D3206C6A7300DA628D /* localizations */,
				1DA13D962029F250007AE5E8 /* managers */,
				1DA13D8920293122007AE5E8 /* built-ins */,
				1DA13D882027CE09007AE5E8 /* data */,
				1DA13D6620268B42007AE5E8 /* io */,
				1DA13D6120260EC1007AE5E8 /* errors */,
				1DA13D5E20260B12007AE5E8 /* pbi */,
				1DA13D5B202606CD007AE5E8 /* extensions */,
				1DEF44FA20597DB900E8D608 /* fragments */,
				1DA13D58202563FB007AE5E8 /* parsers */,
				1DA13D50202563DE007AE5E8 /* main.swift */,
			);
			path = pbc;
			sourceTree = "<group>";
		};
		1DA13D58202563FB007AE5E8 /* parsers */ = {
			isa = PBXGroup;
			children = (
				1D33F28D2050D98D00BBAF42 /* statement */,
				1D925A3C2032D82800F3C4E5 /* code */,
				1DA13D672026A20A007AE5E8 /* expression */,
				1DA13D6C2026DD64007AE5E8 /* WhitespaceParser.swift */,
				1D6548AB203D79DD000455DD /* DecimalParser.swift */,
				1D6548AD203DBB42000455DD /* StringParser.swift */,
				1D6548B5203E634A000455DD /* PatternedNameParser.swift */,
				1DAFA7B220443CA0009E9D96 /* KeywordParser.swift */,
				1D54F176204AF3A200A66AB8 /* MultikeywordsParser.swift */,
				1D34C180204710180019FFEB /* SymbolParser.swift */,
				1D9DC3B92044E28400B9196B /* NewLineParser.swift */,
				1D9DC3A12044722B00B9196B /* EndOfLineParser.swift */,
				1D33F2E420514EFB00BBAF42 /* ArrayParser.swift */,
			);
			path = parsers;
			sourceTree = "<group>";
		};
		1DA13D5B202606CD007AE5E8 /* extensions */ = {
			isa = PBXGroup;
			children = (
				1DA13D5C20260706007AE5E8 /* String+Utils.swift */,
				1D34C17C204636010019FFEB /* Array+Utils.swift */,
			);
			path = extensions;
			sourceTree = "<group>";
		};
		1DA13D5E20260B12007AE5E8 /* pbi */ = {
			isa = PBXGroup;
			children = (
				1D0A6C6E21036CC600BD28EC /* mid-instructions */,
				1D73C35E207456D100A693E7 /* instructions */,
				1D5D30EE2071A7710013AE6A /* converters */,
				1D925A43203528CF00F3C4E5 /* PBI_RETURN.swift */,
				1D925A492035462400F3C4E5 /* PBI_SAVE.swift */,
				1D6548872039D3F2000455DD /* Invokes.swift */,
				1D65488B203B1353000455DD /* Dellocs.swift */,
				1D5D30EA207112670013AE6A /* README.md */,
			);
			path = pbi;
			sourceTree = "<group>";
		};
		1DA13D6120260EC1007AE5E8 /* errors */ = {
			isa = PBXGroup;
			children = (
				1DA13D6420260F31007AE5E8 /* Error.swift */,
				1DA13D6220260EE2007AE5E8 /* SyntaxError.swift */,
				1D925A66203731DC00F3C4E5 /* InvalidValueError.swift */,
				1DF0A6D5206C6EA800DA628D /* InvalidTypeError.swift */,
				1DF0A6D7206C6F2000DA628D /* InvalidNameError.swift */,
				1D34C17220455F000019FFEB /* IOError.swift */,
			);
			path = errors;
			sourceTree = "<group>";
		};
		1DA13D6620268B42007AE5E8 /* io */ = {
			isa = PBXGroup;
			children = (
				1D65488D203BC282000455DD /* Output.swift */,
				1D34C17020455B910019FFEB /* CodeInput.swift */,
			);
			path = io;
			sourceTree = "<group>";
		};
		1DA13D672026A20A007AE5E8 /* expression */ = {
			isa = PBXGroup;
			children = (
				1DA13D5920256414007AE5E8 /* ExpressionParser.swift */,
				1DA13D6A2026C289007AE5E8 /* OperatorParser.swift */,
				1DA13D6E2026DF56007AE5E8 /* BracketParser.swift */,
				1DA13D762026E918007AE5E8 /* VariableOperandParser.swift */,
				1D8FFA36204F59BC007920AC /* FunctionOperandParser.swift */,
				1DA13D682026A22B007AE5E8 /* ConstantOperandParser.swift */,
				1DF0A6AD2069CB6C00DA628D /* MemberOperandParser.swift */,
			);
			path = expression;
			sourceTree = "<group>";
		};
		1DA13D882027CE09007AE5E8 /* data */ = {
			isa = PBXGroup;
			children = (
				1DA13D742026E1EB007AE5E8 /* Tree.swift */,
				1DA13D862027CCA8007AE5E8 /* Stack.swift */,
			);
			path = data;
			sourceTree = "<group>";
		};
		1DA13D8920293122007AE5E8 /* built-ins */ = {
			isa = PBXGroup;
			children = (
				1D1C6ED7204C5061004F10CD /* declares */,
				1D654898203D515D000455DD /* types */,
				1D925A5D2037006700F3C4E5 /* statements */,
				1DEF45082059FD4F00E8D608 /* Operators.swift */,
			);
			path = "built-ins";
			sourceTree = "<group>";
		};
		1DA13D962029F250007AE5E8 /* managers */ = {
			isa = PBXGroup;
			children = (
				1D6548B7203E7A8A000455DD /* Procedure.swift */,
				1D925A382032A8A100F3C4E5 /* ConfigurationManager.swift */,
				1D925A6A2037C07A00F3C4E5 /* StatementManager.swift */,
				1D54F182204B96AD00A66AB8 /* VariableManager.swift */,
				1D33F2EC2054F5AB00BBAF42 /* Variable.swift */,
				1D54F181204B96AD00A66AB8 /* TypeManager.swift */,
				1D654899203D5168000455DD /* Type.swift */,
				1D518D662048E28000CB5DD0 /* Tag.swift */,
				1D54F180204B96AD00A66AB8 /* TagManager.swift */,
				1D54F18E204BCBB300A66AB8 /* Declare.swift */,
				1D54F190204C2E1F00A66AB8 /* DeclareManager.swift */,
				1D54F17C204B913E00A66AB8 /* BaseManager.swift */,
				1D981EDE2056DE1900998846 /* Constant.swift */,
			);
			path = managers;
			sourceTree = "<group>";
		};
		1DEF44FA20597DB900E8D608 /* fragments */ = {
			isa = PBXGroup;
			children = (
				1DF0A6CB206B2B5E00DA628D /* statement */,
				1D3EE5AA2068845600DB2CCB /* code */,
				1DEF44FD20597DCB00E8D608 /* expression */,
				1D65D7FD205F305800004FF8 /* BaseFragment.swift */,
				1DF0A6B1206A8AAC00DA628D /* FileFragment.swift */,
				1DF0A6B7206B28D300DA628D /* StringFragment.swift */,
				1DF0A6B9206B290100DA628D /* PatternedNameFragment.swift */,
				1DF0A6BB206B292A00DA628D /* KeywordFrgment.swift */,
				1DF0A6BD206B294300DA628D /* MultikeywordsFragment.swift */,
				1DF0A6BF206B29A100DA628D /* SymbolFragment.swift */,
				1DF0A6C1206B29BB00DA628D /* NewLineFragment.swift */,
				1DF0A6C3206B29D600DA628D /* EndOfLineFragment.swift */,
				1DF0A6C7206B2A9200DA628D /* DecimalFragment.swift */,
				1DF0A6C9206B2B0200DA628D /* WhitespaceFragment.swift */,
			);
			path = fragments;
			sourceTree = "<group>";
		};
		1DEF44FD20597DCB00E8D608 /* expression */ = {
			isa = PBXGroup;
			children = (
				1DEF44FB20597DC500E8D608 /* OperandFragment.swift */,
				1DEF450220597DF700E8D608 /* OperatorFragment.swift */,
				1DEF44FE20597DDA00E8D608 /* ExpressionFragment.swift */,
				1DEF45062059FC5A00E8D608 /* FunctionOperandFragment.swift */,
				1D65D7FB205E360500004FF8 /* VariableOperandFragment.swift */,
				1D2C51D92061FFA200C81612 /* ConstantOperandFragment.swift */,
				1DF0A6AB2069CA3800DA628D /* MemberOperandFragment.swift */,
			);
			path = expression;
			sourceTree = "<group>";
		};
		1DF0A6CB206B2B5E00DA628D /* statement */ = {
			isa = PBXGroup;
			children = (
				1DF0A6CC206B2B6B00DA628D /* RemarkFragment.swift */,
			);
			path = statement;
			sourceTree = "<group>";
		};
		1DF0A6D3206C6A7300DA628D /* localizations */ = {
			isa = PBXGroup;
			children = (
				1DF0A6D1206C6A2900DA628D /* en_us.xml */,
				1DF0A6D2206C6A4400DA628D /* zh_cn.xml */,
				1DF0A6D4206C6B4200DA628D /* zh_tw.xml */,
			);
			path = localizations;
			sourceTree = "<group>";
		};
/* End PBXGroup section */

/* Begin PBXNativeTarget section */
		1DA13D4C202563DE007AE5E8 /* pbc */ = {
			isa = PBXNativeTarget;
			buildConfigurationList = 1DA13D54202563DE007AE5E8 /* Build configuration list for PBXNativeTarget "pbc" */;
			buildPhases = (
				1DA13D49202563DE007AE5E8 /* Sources */,
				1DA13D4A202563DE007AE5E8 /* Frameworks */,
				1DA13D4B202563DE007AE5E8 /* CopyFiles */,
			);
			buildRules = (
			);
			dependencies = (
			);
			name = pbc;
			productName = jbc;
			productReference = 1DA13D4D202563DE007AE5E8 /* pbc */;
			productType = "com.apple.product-type.tool";
		};
/* End PBXNativeTarget section */

/* Begin PBXProject section */
		1DA13D45202563DE007AE5E8 /* Project object */ = {
			isa = PBXProject;
			attributes = {
				LastSwiftUpdateCheck = 0920;
				LastUpgradeCheck = 0920;
				ORGANIZATIONNAME = jadestudio;
				TargetAttributes = {
					1DA13D4C202563DE007AE5E8 = {
						CreatedOnToolsVersion = 9.2;
						ProvisioningStyle = Automatic;
					};
				};
			};
			buildConfigurationList = 1DA13D48202563DE007AE5E8 /* Build configuration list for PBXProject "pbc" */;
			compatibilityVersion = "Xcode 8.0";
			developmentRegion = en;
			hasScannedForEncodings = 0;
			knownRegions = (
				en,
			);
			mainGroup = 1DA13D44202563DE007AE5E8;
			productRefGroup = 1DA13D4E202563DE007AE5E8 /* Products */;
			projectDirPath = "";
			projectRoot = "";
			targets = (
				1DA13D4C202563DE007AE5E8 /* pbc */,
			);
		};
/* End PBXProject section */

/* Begin PBXSourcesBuildPhase section */
		1DA13D49202563DE007AE5E8 /* Sources */ = {
			isa = PBXSourcesBuildPhase;
			buildActionMask = 2147483647;
			files = (
				1D73C36D2077716100A693E7 /* PBI_POW.swift in Sources */,
				1D54F18B204B99D200A66AB8 /* ENDSUB.swift in Sources */,
				1DF0A6C2206B29BB00DA628D /* NewLineFragment.swift in Sources */,
				1D54F187204B991200A66AB8 /* ENDIF.swift in Sources */,
				1D0A6C7D21041A1200BD28EC /* MPBI_GE.swift in Sources */,
				1D65488C203B1353000455DD /* Dellocs.swift in Sources */,
				1DEF45072059FC5A00E8D608 /* FunctionOperandFragment.swift in Sources */,
				1D9DC39A204470A400B9196B /* REDIM.swift in Sources */,
				1DAFA7B320443CA0009E9D96 /* KeywordParser.swift in Sources */,
				1D9DC3AC2044DF8900B9196B /* LOOP.swift in Sources */,
				1D65489C203D5191000455DD /* INTEGER.swift in Sources */,
				1D0A6C7B210419AD00BD28EC /* MPBI_GT.swift in Sources */,
				1D5D30E7207109AC0013AE6A /* PBI_FUNC.swift in Sources */,
				1D73C37F2079A1BD00A693E7 /* OperatorFragment+PBI.swift in Sources */,
				1D6548A4203D5261000455DD /* DOUBLE.swift in Sources */,
				1D0A6C7F21041A4600BD28EC /* MPBI_LT.swift in Sources */,
				1D9DC3B82044E02E00B9196B /* SCREEN.swift in Sources */,
				1D54F183204B96AD00A66AB8 /* TagManager.swift in Sources */,
				1DF0A6C6206B29FD00DA628D /* SeparatorFragment.swift in Sources */,
				1D8FFA35204EE99C007920AC /* EXITDO.swift in Sources */,
				1D5D30F32071AD730013AE6A /* PBI_ADD.swift in Sources */,
				1D925A5F2037008D00F3C4E5 /* BaseStatement.swift in Sources */,
				1DEF450320597DF700E8D608 /* OperatorFragment.swift in Sources */,
				1D9DC3B22044E01600B9196B /* PRINT.swift in Sources */,
				1DF0A6CD206B2B6B00DA628D /* RemarkFragment.swift in Sources */,
				1D65489A203D5168000455DD /* Type.swift in Sources */,
				1DA13D6D2026DD64007AE5E8 /* WhitespaceParser.swift in Sources */,
				1D54F17B204AFE8B00A66AB8 /* SeparatorParser.swift in Sources */,
				1D1C6ED9204C5079004F10CD /* BuiltInDeclares.swift in Sources */,
				1D0A6C76210380FE00BD28EC /* MPBI_EQ.swift in Sources */,
				1D34C17F204697370019FFEB /* SWAP.swift in Sources */,
				1D73C3772078301800A693E7 /* PBI_NEG.swift in Sources */,
				1DF0A6BA206B290100DA628D /* PatternedNameFragment.swift in Sources */,
				1DA13D6F2026DF56007AE5E8 /* BracketParser.swift in Sources */,
				1D34C1872047AC7D0019FFEB /* DECLARE.swift in Sources */,
				1DA13D6B2026C289007AE5E8 /* OperatorParser.swift in Sources */,
				1D9DC3B42044E01E00B9196B /* INPUT.swift in Sources */,
				1D9DC39E204470B500B9196B /* SUB.swift in Sources */,
				1D9DC3A0204471FF00B9196B /* REM.swift in Sources */,
				1DF0A6AE2069CB6C00DA628D /* MemberOperandParser.swift in Sources */,
				1D73C36F2077745700A693E7 /* PBI_OR.swift in Sources */,
				1D73C37D20799EB000A693E7 /* OperandFragment+PBI.swift in Sources */,
				1D5D30ED2071A76B0013AE6A /* FileFragment+PBI.swift in Sources */,
				1D73C36320776D7200A693E7 /* PBI_SUB.swift in Sources */,
				1D34C17D204636010019FFEB /* Array+Utils.swift in Sources */,
				1DF0A6B4206A8B8700DA628D /* StatementFragment.swift in Sources */,
				1D0A6C7421037B1400BD28EC /* MPBI_POS.swift in Sources */,
				1D73C3752077748B00A693E7 /* PBI_EQV.swift in Sources */,
				1DF0A6BE206B294300DA628D /* MultikeywordsFragment.swift in Sources */,
				1D9DC3A82044DF5E00B9196B /* FOR.swift in Sources */,
				1D9DC3AA2044DF6500B9196B /* DO.swift in Sources */,
				1DF0A6B2206A8AAC00DA628D /* FileFragment.swift in Sources */,
				1D925A61203701A100F3C4E5 /* LET.swift in Sources */,
				1D65D7FE205F305800004FF8 /* BaseFragment.swift in Sources */,
				1D54F191204C2E1F00A66AB8 /* DeclareManager.swift in Sources */,
				1D8FFA33204EE98E007920AC /* EXITFOR.swift in Sources */,
				1DF0A6C0206B29A100DA628D /* SymbolFragment.swift in Sources */,
				1D925A6B2037C07A00F3C4E5 /* StatementManager.swift in Sources */,
				1D654893203C5974000455DD /* math.bas in Sources */,
				1D33F28F2050D9C000BBAF42 /* SubInvokerParser.swift in Sources */,
				1DA13D772026E918007AE5E8 /* VariableOperandParser.swift in Sources */,
				1D73C3792078509800A693E7 /* PBI_LOADX.swift in Sources */,
				1D9DC3A62044DF5700B9196B /* ELSEIF.swift in Sources */,
				1D9DC3A42044DF1D00B9196B /* IF.swift in Sources */,
				1D65489E203D51E2000455DD /* SHORT.swift in Sources */,
				1D34C17B20458EC30019FFEB /* RESUME.swift in Sources */,
				1D34C18520477ACA0019FFEB /* COLOR.swift in Sources */,
				1D3EE5AC2068847000DB2CCB /* TagFragment.swift in Sources */,
				1DA13D51202563DE007AE5E8 /* main.swift in Sources */,
				1DEF44FC20597DC500E8D608 /* OperandFragment.swift in Sources */,
				1D6548A2203D524B000455DD /* SINGLE.swift in Sources */,
				1D73C36920776F5100A693E7 /* PBI_DIB.swift in Sources */,
				1D54F18F204BCBB300A66AB8 /* Declare.swift in Sources */,
				1DA13D6320260EE2007AE5E8 /* SyntaxError.swift in Sources */,
				1D9DC3BA2044E28400B9196B /* NewLineParser.swift in Sources */,
				1D654897203D1E6A000455DD /* DIM.swift in Sources */,
				1D54F185204B96AD00A66AB8 /* VariableManager.swift in Sources */,
				1D33F2ED2054F5AB00BBAF42 /* Variable.swift in Sources */,
				1DA13D692026A22B007AE5E8 /* ConstantOperandParser.swift in Sources */,
				1D54F179204AF89D00A66AB8 /* ENDFUNCTION.swift in Sources */,
				1D925A67203731DC00F3C4E5 /* InvalidValueError.swift in Sources */,
				1DA13D5D20260706007AE5E8 /* String+Utils.swift in Sources */,
				1D34C175204560520019FFEB /* FileParser.swift in Sources */,
				1D33F2E92054A12B00BBAF42 /* VariableDecrationParser.swift in Sources */,
				1DA13D752026E1EB007AE5E8 /* Tree.swift in Sources */,
				1DF0A6D8206C6F2000DA628D /* InvalidNameError.swift in Sources */,
				1D65D7FC205E360500004FF8 /* VariableOperandFragment.swift in Sources */,
				1D73C360207458F500A693E7 /* PBIConverter.swift in Sources */,
				1D73C36720776E3900A693E7 /* PBI_DIV.swift in Sources */,
				1D54F189204B996200A66AB8 /* ENDTYPE.swift in Sources */,
				1D34C17920458EB80019FFEB /* GOTO.swift in Sources */,
				1D518D672048E28000CB5DD0 /* Tag.swift in Sources */,
				1D2C51DA2061FFA200C81612 /* ConstantOperandFragment.swift in Sources */,
				1D9DC3B02044DFFC00B9196B /* NEXT.swift in Sources */,
				1D925A56203581E300F3C4E5 /* PBI_CONST.swift in Sources */,
				1D654895203C63ED000455DD /* FUNCTION.swift in Sources */,
				1DEF44FF20597DDA00E8D608 /* ExpressionFragment.swift in Sources */,
				1DF0A6B8206B28D300DA628D /* StringFragment.swift in Sources */,
				1D9DC3B62044E02500B9196B /* CLS.swift in Sources */,
				1DF0A6BC206B292A00DA628D /* KeywordFrgment.swift in Sources */,
				1D73C3712077747500A693E7 /* PBI_AND.swift in Sources */,
				1D54F17D204B913E00A66AB8 /* BaseManager.swift in Sources */,
				1D0A6C8121041A7900BD28EC /* MBPI_LE.swift in Sources */,
				1D8FFA37204F59BC007920AC /* FunctionOperandParser.swift in Sources */,
				1D6548A6203D5276000455DD /* STRING.swift in Sources */,
				1D9DC3BC20450F4700B9196B /* RemarkParser.swift in Sources */,
				1D5D30F02071A7E50013AE6A /* ExpressionFragment+PBI.swift in Sources */,
				1D6548B8203E7A8A000455DD /* Procedure.swift in Sources */,
				1DF0A6AC2069CA3800DA628D /* MemberOperandFragment.swift in Sources */,
				1D34C181204710180019FFEB /* SymbolParser.swift in Sources */,
				1D6548B6203E634A000455DD /* PatternedNameParser.swift in Sources */,
				1D54F18D204BA5F300A66AB8 /* TYPEFIELD.swift in Sources */,
				1D54F184204B96AD00A66AB8 /* TypeManager.swift in Sources */,
				1D9DC39C204470AE00B9196B /* TYPE.swift in Sources */,
				1D6548AC203D79DD000455DD /* DecimalParser.swift in Sources */,
				1D54F177204AF3A200A66AB8 /* MultikeywordsParser.swift in Sources */,
				1D925A392032A8A100F3C4E5 /* ConfigurationManager.swift in Sources */,
				1D925A692037BC1A00F3C4E5 /* StatementParser.swift in Sources */,
				1DA13D7F2026FF90007AE5E8 /* PBI.swift in Sources */,
				1D34C17720456A730019FFEB /* ELSE.swift in Sources */,
				1D65488E203BC282000455DD /* Output.swift in Sources */,
				1D0A6C782104194B00BD28EC /* MPBI_NEQ.swift in Sources */,
				1D9DC3A22044722B00B9196B /* EndOfLineParser.swift in Sources */,
				1D73C3732077748300A693E7 /* PBI_XOR.swift in Sources */,
				1D34C17320455F000019FFEB /* IOError.swift in Sources */,
				1D518D632048D37C00CB5DD0 /* CompoundStatementsParser.swift in Sources */,
				1D34C17120455B920019FFEB /* CodeInput.swift in Sources */,
				1D925A4820353D4B00F3C4E5 /* PBI_LOAD.swift in Sources */,
				1D34C2312047FAD90019FFEB /* AssignmentParser.swift in Sources */,
				1D54F16D204A2FC100A66AB8 /* TagParser.swift in Sources */,
				1D6548A0203D523A000455DD /* LONG.swift in Sources */,
				1DA13D6520260F31007AE5E8 /* Error.swift in Sources */,
				1D73C36B20776F5F00A693E7 /* PBI_MOD.swift in Sources */,
				1D1C6ED6204C3D36004F10CD /* CALL.swift in Sources */,
				1D5D30E9207111440013AE6A /* PBI_STRUCT.swift in Sources */,
				1D33F2E520514EFB00BBAF42 /* ArrayParser.swift in Sources */,
				1DA13D5A20256414007AE5E8 /* ExpressionParser.swift in Sources */,
				1D502A67204E6163003661ED /* BOOLEAN.swift in Sources */,
				1DF0A6C4206B29D600DA628D /* EndOfLineFragment.swift in Sources */,
				1D925A4A2035462400F3C4E5 /* PBI_SAVE.swift in Sources */,
				1DF0A6C8206B2A9200DA628D /* DecimalFragment.swift in Sources */,
				1D73C36520776DF600A693E7 /* PBI_MUL.swift in Sources */,
				1DA13D872027CCA8007AE5E8 /* Stack.swift in Sources */,
				1D6548AE203DBB42000455DD /* StringParser.swift in Sources */,
				1DEF45092059FD4F00E8D608 /* Operators.swift in Sources */,
				1D0A6C722103772F00BD28EC /* MPBI_NOT.swift in Sources */,
				1DF0A6D6206C6EA800DA628D /* InvalidTypeError.swift in Sources */,
				1D0A6C7021036CDC00BD28EC /* MPBI.swift in Sources */,
				1DF0A6CA206B2B0200DA628D /* WhitespaceFragment.swift in Sources */,
				1D981EDF2056DE1900998846 /* Constant.swift in Sources */,
				1D925A44203528CF00F3C4E5 /* PBI_RETURN.swift in Sources */,
				1D6548882039D3F3000455DD /* Invokes.swift in Sources */,
			);
			runOnlyForDeploymentPostprocessing = 0;
		};
/* End PBXSourcesBuildPhase section */

/* Begin XCBuildConfiguration section */
		1DA13D52202563DE007AE5E8 /* Debug */ = {
			isa = XCBuildConfiguration;
			buildSettings = {
				ALWAYS_SEARCH_USER_PATHS = NO;
				CLANG_ANALYZER_NONNULL = YES;
				CLANG_ANALYZER_NUMBER_OBJECT_CONVERSION = YES_AGGRESSIVE;
				CLANG_CXX_LANGUAGE_STANDARD = "gnu++14";
				CLANG_CXX_LIBRARY = "libc++";
				CLANG_ENABLE_MODULES = YES;
				CLANG_ENABLE_OBJC_ARC = YES;
				CLANG_WARN_BLOCK_CAPTURE_AUTORELEASING = YES;
				CLANG_WARN_BOOL_CONVERSION = YES;
				CLANG_WARN_COMMA = YES;
				CLANG_WARN_CONSTANT_CONVERSION = YES;
				CLANG_WARN_DIRECT_OBJC_ISA_USAGE = YES_ERROR;
				CLANG_WARN_DOCUMENTATION_COMMENTS = YES;
				CLANG_WARN_EMPTY_BODY = YES;
				CLANG_WARN_ENUM_CONVERSION = YES;
				CLANG_WARN_INFINITE_RECURSION = YES;
				CLANG_WARN_INT_CONVERSION = YES;
				CLANG_WARN_NON_LITERAL_NULL_CONVERSION = YES;
				CLANG_WARN_OBJC_LITERAL_CONVERSION = YES;
				CLANG_WARN_OBJC_ROOT_CLASS = YES_ERROR;
				CLANG_WARN_RANGE_LOOP_ANALYSIS = YES;
				CLANG_WARN_STRICT_PROTOTYPES = YES;
				CLANG_WARN_SUSPICIOUS_MOVE = YES;
				CLANG_WARN_UNGUARDED_AVAILABILITY = YES_AGGRESSIVE;
				CLANG_WARN_UNREACHABLE_CODE = YES;
				CLANG_WARN__DUPLICATE_METHOD_MATCH = YES;
				CODE_SIGN_IDENTITY = "-";
				COPY_PHASE_STRIP = NO;
				DEBUG_INFORMATION_FORMAT = dwarf;
				ENABLE_STRICT_OBJC_MSGSEND = YES;
				ENABLE_TESTABILITY = YES;
				GCC_C_LANGUAGE_STANDARD = gnu11;
				GCC_DYNAMIC_NO_PIC = NO;
				GCC_NO_COMMON_BLOCKS = YES;
				GCC_OPTIMIZATION_LEVEL = 0;
				GCC_PREPROCESSOR_DEFINITIONS = (
					"DEBUG=1",
					"$(inherited)",
				);
				GCC_WARN_64_TO_32_BIT_CONVERSION = YES;
				GCC_WARN_ABOUT_RETURN_TYPE = YES_ERROR;
				GCC_WARN_UNDECLARED_SELECTOR = YES;
				GCC_WARN_UNINITIALIZED_AUTOS = YES_AGGRESSIVE;
				GCC_WARN_UNUSED_FUNCTION = YES;
				GCC_WARN_UNUSED_VARIABLE = YES;
				MACOSX_DEPLOYMENT_TARGET = 10.13;
				MTL_ENABLE_DEBUG_INFO = YES;
				ONLY_ACTIVE_ARCH = YES;
				SDKROOT = macosx;
				SWIFT_ACTIVE_COMPILATION_CONDITIONS = DEBUG;
				SWIFT_OPTIMIZATION_LEVEL = "-Onone";
			};
			name = Debug;
		};
		1DA13D53202563DE007AE5E8 /* Release */ = {
			isa = XCBuildConfiguration;
			buildSettings = {
				ALWAYS_SEARCH_USER_PATHS = NO;
				CLANG_ANALYZER_NONNULL = YES;
				CLANG_ANALYZER_NUMBER_OBJECT_CONVERSION = YES_AGGRESSIVE;
				CLANG_CXX_LANGUAGE_STANDARD = "gnu++14";
				CLANG_CXX_LIBRARY = "libc++";
				CLANG_ENABLE_MODULES = YES;
				CLANG_ENABLE_OBJC_ARC = YES;
				CLANG_WARN_BLOCK_CAPTURE_AUTORELEASING = YES;
				CLANG_WARN_BOOL_CONVERSION = YES;
				CLANG_WARN_COMMA = YES;
				CLANG_WARN_CONSTANT_CONVERSION = YES;
				CLANG_WARN_DIRECT_OBJC_ISA_USAGE = YES_ERROR;
				CLANG_WARN_DOCUMENTATION_COMMENTS = YES;
				CLANG_WARN_EMPTY_BODY = YES;
				CLANG_WARN_ENUM_CONVERSION = YES;
				CLANG_WARN_INFINITE_RECURSION = YES;
				CLANG_WARN_INT_CONVERSION = YES;
				CLANG_WARN_NON_LITERAL_NULL_CONVERSION = YES;
				CLANG_WARN_OBJC_LITERAL_CONVERSION = YES;
				CLANG_WARN_OBJC_ROOT_CLASS = YES_ERROR;
				CLANG_WARN_RANGE_LOOP_ANALYSIS = YES;
				CLANG_WARN_STRICT_PROTOTYPES = YES;
				CLANG_WARN_SUSPICIOUS_MOVE = YES;
				CLANG_WARN_UNGUARDED_AVAILABILITY = YES_AGGRESSIVE;
				CLANG_WARN_UNREACHABLE_CODE = YES;
				CLANG_WARN__DUPLICATE_METHOD_MATCH = YES;
				CODE_SIGN_IDENTITY = "-";
				COPY_PHASE_STRIP = NO;
				DEBUG_INFORMATION_FORMAT = "dwarf-with-dsym";
				ENABLE_NS_ASSERTIONS = NO;
				ENABLE_STRICT_OBJC_MSGSEND = YES;
				GCC_C_LANGUAGE_STANDARD = gnu11;
				GCC_NO_COMMON_BLOCKS = YES;
				GCC_WARN_64_TO_32_BIT_CONVERSION = YES;
				GCC_WARN_ABOUT_RETURN_TYPE = YES_ERROR;
				GCC_WARN_UNDECLARED_SELECTOR = YES;
				GCC_WARN_UNINITIALIZED_AUTOS = YES_AGGRESSIVE;
				GCC_WARN_UNUSED_FUNCTION = YES;
				GCC_WARN_UNUSED_VARIABLE = YES;
				MACOSX_DEPLOYMENT_TARGET = 10.13;
				MTL_ENABLE_DEBUG_INFO = NO;
				SDKROOT = macosx;
				SWIFT_OPTIMIZATION_LEVEL = "-Owholemodule";
			};
			name = Release;
		};
		1DA13D55202563DE007AE5E8 /* Debug */ = {
			isa = XCBuildConfiguration;
			buildSettings = {
				CODE_SIGN_STYLE = Automatic;
				PRODUCT_NAME = "$(TARGET_NAME)";
				SWIFT_VERSION = 4.0;
			};
			name = Debug;
		};
		1DA13D56202563DE007AE5E8 /* Release */ = {
			isa = XCBuildConfiguration;
			buildSettings = {
				CODE_SIGN_STYLE = Automatic;
				PRODUCT_NAME = "$(TARGET_NAME)";
				SWIFT_VERSION = 4.0;
			};
			name = Release;
		};
/* End XCBuildConfiguration section */

/* Begin XCConfigurationList section */
		1DA13D48202563DE007AE5E8 /* Build configuration list for PBXProject "pbc" */ = {
			isa = XCConfigurationList;
			buildConfigurations = (
				1DA13D52202563DE007AE5E8 /* Debug */,
				1DA13D53202563DE007AE5E8 /* Release */,
			);
			defaultConfigurationIsVisible = 0;
			defaultConfigurationName = Release;
		};
		1DA13D54202563DE007AE5E8 /* Build configuration list for PBXNativeTarget "pbc" */ = {
			isa = XCConfigurationList;
			buildConfigurations = (
				1DA13D55202563DE007AE5E8 /* Debug */,
				1DA13D56202563DE007AE5E8 /* Release */,
			);
			defaultConfigurationIsVisible = 0;
			defaultConfigurationName = Release;
		};
/* End XCConfigurationList section */
	};
	rootObject = 1DA13D45202563DE007AE5E8 /* Project object */;
}
